// !$*UTF8*$!
{
	archiveVersion = 1;
	classes = {
	};
	objectVersion = 50;
	objects = {

/* Begin PBXBuildFile section */
		BE1DC52A214FA1D300E6AF30 /* AppDelegate.swift in Sources */ = {isa = PBXBuildFile; fileRef = BE1DC529214FA1D300E6AF30 /* AppDelegate.swift */; };
		BE1DC52C214FA1D300E6AF30 /* MainViewController.swift in Sources */ = {isa = PBXBuildFile; fileRef = BE1DC52B214FA1D300E6AF30 /* MainViewController.swift */; };
		BE1DC531214FA1D400E6AF30 /* Assets.xcassets in Resources */ = {isa = PBXBuildFile; fileRef = BE1DC530214FA1D400E6AF30 /* Assets.xcassets */; };
		BE1DC534214FA1D400E6AF30 /* LaunchScreen.storyboard in Resources */ = {isa = PBXBuildFile; fileRef = BE1DC532214FA1D400E6AF30 /* LaunchScreen.storyboard */; };
		BE1DC542214FA61E00E6AF30 /* Helpers.swift in Sources */ = {isa = PBXBuildFile; fileRef = BE1DC541214FA61E00E6AF30 /* Helpers.swift */; };
		BE1DC544214FAA3900E6AF30 /* AuthorizationViewController.swift in Sources */ = {isa = PBXBuildFile; fileRef = BE1DC543214FAA3900E6AF30 /* AuthorizationViewController.swift */; };
		BE1DC546214FAA6700E6AF30 /* AskViewController.swift in Sources */ = {isa = PBXBuildFile; fileRef = BE1DC545214FAA6700E6AF30 /* AskViewController.swift */; };
		BE1DC548214FAADC00E6AF30 /* ForgotPasswordViewController.swift in Sources */ = {isa = PBXBuildFile; fileRef = BE1DC547214FAADC00E6AF30 /* ForgotPasswordViewController.swift */; };
		BE1DC54A214FAB3A00E6AF30 /* CatalogTreeTableViewController.swift in Sources */ = {isa = PBXBuildFile; fileRef = BE1DC549214FAB3A00E6AF30 /* CatalogTreeTableViewController.swift */; };
		BE1DC54C214FAB4800E6AF30 /* SecondCatalogTreeTableViewController.swift in Sources */ = {isa = PBXBuildFile; fileRef = BE1DC54B214FAB4800E6AF30 /* SecondCatalogTreeTableViewController.swift */; };
		BE1DC54E214FAB6A00E6AF30 /* ProductTableViewController.swift in Sources */ = {isa = PBXBuildFile; fileRef = BE1DC54D214FAB6A00E6AF30 /* ProductTableViewController.swift */; };
		BE1DC550214FAB7F00E6AF30 /* CatalogCollectionViewController.swift in Sources */ = {isa = PBXBuildFile; fileRef = BE1DC54F214FAB7F00E6AF30 /* CatalogCollectionViewController.swift */; };
		BE1DC552214FABCE00E6AF30 /* SearchCollectionViewController.swift in Sources */ = {isa = PBXBuildFile; fileRef = BE1DC551214FABCE00E6AF30 /* SearchCollectionViewController.swift */; };
		BE1DC554214FABE300E6AF30 /* FilterTableViewController.swift in Sources */ = {isa = PBXBuildFile; fileRef = BE1DC553214FABE300E6AF30 /* FilterTableViewController.swift */; };
		BE1DC556214FAE3800E6AF30 /* LoginInputContainerView.swift in Sources */ = {isa = PBXBuildFile; fileRef = BE1DC555214FAE3800E6AF30 /* LoginInputContainerView.swift */; };
		BE1DC55821500AF700E6AF30 /* StandardTextField.swift in Sources */ = {isa = PBXBuildFile; fileRef = BE1DC55721500AF700E6AF30 /* StandardTextField.swift */; };
		BE1DC55A215221E200E6AF30 /* SeparatorView.swift in Sources */ = {isa = PBXBuildFile; fileRef = BE1DC559215221E200E6AF30 /* SeparatorView.swift */; };
		BE1DC55C2152225D00E6AF30 /* StandardButton.swift in Sources */ = {isa = PBXBuildFile; fileRef = BE1DC55B2152225D00E6AF30 /* StandardButton.swift */; };
		BE1DC55E2153E8A600E6AF30 /* RecallPasswordView.swift in Sources */ = {isa = PBXBuildFile; fileRef = BE1DC55D2153E8A600E6AF30 /* RecallPasswordView.swift */; };
		BE1DC5602153EFB700E6AF30 /* TitledInputView.swift in Sources */ = {isa = PBXBuildFile; fileRef = BE1DC55F2153EFB700E6AF30 /* TitledInputView.swift */; };
		BE1DC5622153F10800E6AF30 /* AskView.swift in Sources */ = {isa = PBXBuildFile; fileRef = BE1DC5612153F10800E6AF30 /* AskView.swift */; };
		BE1DC564215408C500E6AF30 /* UIViewExtension.swift in Sources */ = {isa = PBXBuildFile; fileRef = BE1DC563215408C500E6AF30 /* UIViewExtension.swift */; };
/* End PBXBuildFile section */

/* Begin PBXFileReference section */
		BE1DC526214FA1D300E6AF30 /* 020g.app */ = {isa = PBXFileReference; explicitFileType = wrapper.application; includeInIndex = 0; path = 020g.app; sourceTree = BUILT_PRODUCTS_DIR; };
		BE1DC529214FA1D300E6AF30 /* AppDelegate.swift */ = {isa = PBXFileReference; lastKnownFileType = sourcecode.swift; path = AppDelegate.swift; sourceTree = "<group>"; };
		BE1DC52B214FA1D300E6AF30 /* MainViewController.swift */ = {isa = PBXFileReference; lastKnownFileType = sourcecode.swift; path = MainViewController.swift; sourceTree = "<group>"; };
		BE1DC530214FA1D400E6AF30 /* Assets.xcassets */ = {isa = PBXFileReference; lastKnownFileType = folder.assetcatalog; path = Assets.xcassets; sourceTree = "<group>"; };
		BE1DC533214FA1D400E6AF30 /* Base */ = {isa = PBXFileReference; lastKnownFileType = file.storyboard; name = Base; path = Base.lproj/LaunchScreen.storyboard; sourceTree = "<group>"; };
		BE1DC535214FA1D400E6AF30 /* Info.plist */ = {isa = PBXFileReference; lastKnownFileType = text.plist.xml; path = Info.plist; sourceTree = "<group>"; };
		BE1DC541214FA61E00E6AF30 /* Helpers.swift */ = {isa = PBXFileReference; lastKnownFileType = sourcecode.swift; path = Helpers.swift; sourceTree = "<group>"; };
		BE1DC543214FAA3900E6AF30 /* AuthorizationViewController.swift */ = {isa = PBXFileReference; lastKnownFileType = sourcecode.swift; path = AuthorizationViewController.swift; sourceTree = "<group>"; };
		BE1DC545214FAA6700E6AF30 /* AskViewController.swift */ = {isa = PBXFileReference; lastKnownFileType = sourcecode.swift; path = AskViewController.swift; sourceTree = "<group>"; };
		BE1DC547214FAADC00E6AF30 /* ForgotPasswordViewController.swift */ = {isa = PBXFileReference; lastKnownFileType = sourcecode.swift; path = ForgotPasswordViewController.swift; sourceTree = "<group>"; };
		BE1DC549214FAB3A00E6AF30 /* CatalogTreeTableViewController.swift */ = {isa = PBXFileReference; lastKnownFileType = sourcecode.swift; path = CatalogTreeTableViewController.swift; sourceTree = "<group>"; };
		BE1DC54B214FAB4800E6AF30 /* SecondCatalogTreeTableViewController.swift */ = {isa = PBXFileReference; lastKnownFileType = sourcecode.swift; path = SecondCatalogTreeTableViewController.swift; sourceTree = "<group>"; };
		BE1DC54D214FAB6A00E6AF30 /* ProductTableViewController.swift */ = {isa = PBXFileReference; lastKnownFileType = sourcecode.swift; path = ProductTableViewController.swift; sourceTree = "<group>"; };
		BE1DC54F214FAB7F00E6AF30 /* CatalogCollectionViewController.swift */ = {isa = PBXFileReference; lastKnownFileType = sourcecode.swift; path = CatalogCollectionViewController.swift; sourceTree = "<group>"; };
		BE1DC551214FABCE00E6AF30 /* SearchCollectionViewController.swift */ = {isa = PBXFileReference; lastKnownFileType = sourcecode.swift; path = SearchCollectionViewController.swift; sourceTree = "<group>"; };
		BE1DC553214FABE300E6AF30 /* FilterTableViewController.swift */ = {isa = PBXFileReference; lastKnownFileType = sourcecode.swift; path = FilterTableViewController.swift; sourceTree = "<group>"; };
		BE1DC555214FAE3800E6AF30 /* LoginInputContainerView.swift */ = {isa = PBXFileReference; lastKnownFileType = sourcecode.swift; path = LoginInputContainerView.swift; sourceTree = "<group>"; };
		BE1DC55721500AF700E6AF30 /* StandardTextField.swift */ = {isa = PBXFileReference; lastKnownFileType = sourcecode.swift; path = StandardTextField.swift; sourceTree = "<group>"; };
		BE1DC559215221E200E6AF30 /* SeparatorView.swift */ = {isa = PBXFileReference; lastKnownFileType = sourcecode.swift; path = SeparatorView.swift; sourceTree = "<group>"; };
		BE1DC55B2152225D00E6AF30 /* StandardButton.swift */ = {isa = PBXFileReference; lastKnownFileType = sourcecode.swift; path = StandardButton.swift; sourceTree = "<group>"; };
		BE1DC55D2153E8A600E6AF30 /* RecallPasswordView.swift */ = {isa = PBXFileReference; lastKnownFileType = sourcecode.swift; path = RecallPasswordView.swift; sourceTree = "<group>"; };
		BE1DC55F2153EFB700E6AF30 /* TitledInputView.swift */ = {isa = PBXFileReference; lastKnownFileType = sourcecode.swift; path = TitledInputView.swift; sourceTree = "<group>"; };
		BE1DC5612153F10800E6AF30 /* AskView.swift */ = {isa = PBXFileReference; lastKnownFileType = sourcecode.swift; path = AskView.swift; sourceTree = "<group>"; };
		BE1DC563215408C500E6AF30 /* UIViewExtension.swift */ = {isa = PBXFileReference; lastKnownFileType = sourcecode.swift; path = UIViewExtension.swift; sourceTree = "<group>"; };
/* End PBXFileReference section */

/* Begin PBXFrameworksBuildPhase section */
		BE1DC523214FA1D300E6AF30 /* Frameworks */ = {
			isa = PBXFrameworksBuildPhase;
			buildActionMask = 2147483647;
			files = (
			);
			runOnlyForDeploymentPostprocessing = 0;
		};
/* End PBXFrameworksBuildPhase section */

/* Begin PBXGroup section */
		BE1DC51D214FA1D300E6AF30 = {
			isa = PBXGroup;
			children = (
				BE1DC528214FA1D300E6AF30 /* 020g */,
				BE1DC527214FA1D300E6AF30 /* Products */,
			);
			sourceTree = "<group>";
		};
		BE1DC527214FA1D300E6AF30 /* Products */ = {
			isa = PBXGroup;
			children = (
				BE1DC526214FA1D300E6AF30 /* 020g.app */,
			);
			name = Products;
			sourceTree = "<group>";
		};
		BE1DC528214FA1D300E6AF30 /* 020g */ = {
			isa = PBXGroup;
			children = (
				BE1DC53C214FA26600E6AF30 /* Application Delegate */,
				BE1DC53E214FA27900E6AF30 /* Models */,
				BE1DC53F214FA27E00E6AF30 /* Views */,
				BE1DC53D214FA27200E6AF30 /* Controllers */,
				BE1DC540214FA60500E6AF30 /* Helpers */,
				BE1DC53B214FA24E00E6AF30 /* Interface Builders */,
				BE1DC530214FA1D400E6AF30 /* Assets.xcassets */,
				BE1DC535214FA1D400E6AF30 /* Info.plist */,
			);
			path = 020g;
			sourceTree = "<group>";
		};
		BE1DC53B214FA24E00E6AF30 /* Interface Builders */ = {
			isa = PBXGroup;
			children = (
				BE1DC532214FA1D400E6AF30 /* LaunchScreen.storyboard */,
			);
			path = "Interface Builders";
			sourceTree = "<group>";
		};
		BE1DC53C214FA26600E6AF30 /* Application Delegate */ = {
			isa = PBXGroup;
			children = (
				BE1DC529214FA1D300E6AF30 /* AppDelegate.swift */,
			);
			path = "Application Delegate";
			sourceTree = "<group>";
		};
		BE1DC53D214FA27200E6AF30 /* Controllers */ = {
			isa = PBXGroup;
			children = (
				BE1DC52B214FA1D300E6AF30 /* MainViewController.swift */,
				BE1DC543214FAA3900E6AF30 /* AuthorizationViewController.swift */,
				BE1DC545214FAA6700E6AF30 /* AskViewController.swift */,
				BE1DC547214FAADC00E6AF30 /* ForgotPasswordViewController.swift */,
				BE1DC551214FABCE00E6AF30 /* SearchCollectionViewController.swift */,
				BE1DC553214FABE300E6AF30 /* FilterTableViewController.swift */,
				BE1DC549214FAB3A00E6AF30 /* CatalogTreeTableViewController.swift */,
				BE1DC54B214FAB4800E6AF30 /* SecondCatalogTreeTableViewController.swift */,
				BE1DC54D214FAB6A00E6AF30 /* ProductTableViewController.swift */,
				BE1DC54F214FAB7F00E6AF30 /* CatalogCollectionViewController.swift */,
			);
			path = Controllers;
			sourceTree = "<group>";
		};
		BE1DC53E214FA27900E6AF30 /* Models */ = {
			isa = PBXGroup;
			children = (
			);
			path = Models;
			sourceTree = "<group>";
		};
		BE1DC53F214FA27E00E6AF30 /* Views */ = {
			isa = PBXGroup;
			children = (
				BE1DC555214FAE3800E6AF30 /* LoginInputContainerView.swift */,
				BE1DC55D2153E8A600E6AF30 /* RecallPasswordView.swift */,
				BE1DC55F2153EFB700E6AF30 /* TitledInputView.swift */,
				BE1DC5612153F10800E6AF30 /* AskView.swift */,
				BE1DC559215221E200E6AF30 /* SeparatorView.swift */,
				BE1DC55721500AF700E6AF30 /* StandardTextField.swift */,
				BE1DC55B2152225D00E6AF30 /* StandardButton.swift */,
			);
			path = Views;
			sourceTree = "<group>";
		};
		BE1DC540214FA60500E6AF30 /* Helpers */ = {
			isa = PBXGroup;
			children = (
				BE1DC541214FA61E00E6AF30 /* Helpers.swift */,
				BE1DC563215408C500E6AF30 /* UIViewExtension.swift */,
			);
			path = Helpers;
			sourceTree = "<group>";
		};
/* End PBXGroup section */

/* Begin PBXNativeTarget section */
		BE1DC525214FA1D300E6AF30 /* 020g */ = {
			isa = PBXNativeTarget;
			buildConfigurationList = BE1DC538214FA1D400E6AF30 /* Build configuration list for PBXNativeTarget "020g" */;
			buildPhases = (
				BE1DC522214FA1D300E6AF30 /* Sources */,
				BE1DC523214FA1D300E6AF30 /* Frameworks */,
				BE1DC524214FA1D300E6AF30 /* Resources */,
			);
			buildRules = (
			);
			dependencies = (
			);
			name = 020g;
			productName = 020g;
			productReference = BE1DC526214FA1D300E6AF30 /* 020g.app */;
			productType = "com.apple.product-type.application";
		};
/* End PBXNativeTarget section */

/* Begin PBXProject section */
		BE1DC51E214FA1D300E6AF30 /* Project object */ = {
			isa = PBXProject;
			attributes = {
				LastSwiftUpdateCheck = 1000;
				LastUpgradeCheck = 1000;
				ORGANIZATIONNAME = "Юрий Истомин";
				TargetAttributes = {
					BE1DC525214FA1D300E6AF30 = {
						CreatedOnToolsVersion = 10.0;
					};
				};
			};
			buildConfigurationList = BE1DC521214FA1D300E6AF30 /* Build configuration list for PBXProject "020g" */;
			compatibilityVersion = "Xcode 9.3";
			developmentRegion = en;
			hasScannedForEncodings = 0;
			knownRegions = (
				en,
				Base,
			);
			mainGroup = BE1DC51D214FA1D300E6AF30;
			productRefGroup = BE1DC527214FA1D300E6AF30 /* Products */;
			projectDirPath = "";
			projectRoot = "";
			targets = (
				BE1DC525214FA1D300E6AF30 /* 020g */,
			);
		};
/* End PBXProject section */

/* Begin PBXResourcesBuildPhase section */
		BE1DC524214FA1D300E6AF30 /* Resources */ = {
			isa = PBXResourcesBuildPhase;
			buildActionMask = 2147483647;
			files = (
				BE1DC534214FA1D400E6AF30 /* LaunchScreen.storyboard in Resources */,
				BE1DC531214FA1D400E6AF30 /* Assets.xcassets in Resources */,
			);
			runOnlyForDeploymentPostprocessing = 0;
		};
/* End PBXResourcesBuildPhase section */

/* Begin PBXSourcesBuildPhase section */
		BE1DC522214FA1D300E6AF30 /* Sources */ = {
			isa = PBXSourcesBuildPhase;
			buildActionMask = 2147483647;
			files = (
				BE1DC552214FABCE00E6AF30 /* SearchCollectionViewController.swift in Sources */,
				BE1DC55C2152225D00E6AF30 /* StandardButton.swift in Sources */,
				BE1DC544214FAA3900E6AF30 /* AuthorizationViewController.swift in Sources */,
				BE1DC54E214FAB6A00E6AF30 /* ProductTableViewController.swift in Sources */,
				BE1DC550214FAB7F00E6AF30 /* CatalogCollectionViewController.swift in Sources */,
				BE1DC55821500AF700E6AF30 /* StandardTextField.swift in Sources */,
				BE1DC52C214FA1D300E6AF30 /* MainViewController.swift in Sources */,
				BE1DC548214FAADC00E6AF30 /* ForgotPasswordViewController.swift in Sources */,
				BE1DC5622153F10800E6AF30 /* AskView.swift in Sources */,
				BE1DC54C214FAB4800E6AF30 /* SecondCatalogTreeTableViewController.swift in Sources */,
				BE1DC564215408C500E6AF30 /* UIViewExtension.swift in Sources */,
				BE1DC5602153EFB700E6AF30 /* TitledInputView.swift in Sources */,
				BE1DC556214FAE3800E6AF30 /* LoginInputContainerView.swift in Sources */,
				BE1DC554214FABE300E6AF30 /* FilterTableViewController.swift in Sources */,
				BE1DC542214FA61E00E6AF30 /* Helpers.swift in Sources */,
				BE1DC546214FAA6700E6AF30 /* AskViewController.swift in Sources */,
				BE1DC55A215221E200E6AF30 /* SeparatorView.swift in Sources */,
				BE1DC54A214FAB3A00E6AF30 /* CatalogTreeTableViewController.swift in Sources */,
				BE1DC52A214FA1D300E6AF30 /* AppDelegate.swift in Sources */,
				BE1DC55E2153E8A600E6AF30 /* RecallPasswordView.swift in Sources */,
			);
			runOnlyForDeploymentPostprocessing = 0;
		};
/* End PBXSourcesBuildPhase section */

/* Begin PBXVariantGroup section */
		BE1DC532214FA1D400E6AF30 /* LaunchScreen.storyboard */ = {
			isa = PBXVariantGroup;
			children = (
				BE1DC533214FA1D400E6AF30 /* Base */,
			);
			name = LaunchScreen.storyboard;
			sourceTree = "<group>";
		};
/* End PBXVariantGroup section */

/* Begin XCBuildConfiguration section */
		BE1DC536214FA1D400E6AF30 /* Debug */ = {
			isa = XCBuildConfiguration;
			buildSettings = {
				ALWAYS_SEARCH_USER_PATHS = NO;
				CLANG_ANALYZER_NONNULL = YES;
				CLANG_ANALYZER_NUMBER_OBJECT_CONVERSION = YES_AGGRESSIVE;
				CLANG_CXX_LANGUAGE_STANDARD = "gnu++14";
				CLANG_CXX_LIBRARY = "libc++";
				CLANG_ENABLE_MODULES = YES;
				CLANG_ENABLE_OBJC_ARC = YES;
				CLANG_ENABLE_OBJC_WEAK = YES;
				CLANG_WARN_BLOCK_CAPTURE_AUTORELEASING = YES;
				CLANG_WARN_BOOL_CONVERSION = YES;
				CLANG_WARN_COMMA = YES;
				CLANG_WARN_CONSTANT_CONVERSION = YES;
				CLANG_WARN_DEPRECATED_OBJC_IMPLEMENTATIONS = YES;
				CLANG_WARN_DIRECT_OBJC_ISA_USAGE = YES_ERROR;
				CLANG_WARN_DOCUMENTATION_COMMENTS = YES;
				CLANG_WARN_EMPTY_BODY = YES;
				CLANG_WARN_ENUM_CONVERSION = YES;
				CLANG_WARN_INFINITE_RECURSION = YES;
				CLANG_WARN_INT_CONVERSION = YES;
				CLANG_WARN_NON_LITERAL_NULL_CONVERSION = YES;
				CLANG_WARN_OBJC_IMPLICIT_RETAIN_SELF = YES;
				CLANG_WARN_OBJC_LITERAL_CONVERSION = YES;
				CLANG_WARN_OBJC_ROOT_CLASS = YES_ERROR;
				CLANG_WARN_RANGE_LOOP_ANALYSIS = YES;
				CLANG_WARN_STRICT_PROTOTYPES = YES;
				CLANG_WARN_SUSPICIOUS_MOVE = YES;
				CLANG_WARN_UNGUARDED_AVAILABILITY = YES_AGGRESSIVE;
				CLANG_WARN_UNREACHABLE_CODE = YES;
				CLANG_WARN__DUPLICATE_METHOD_MATCH = YES;
				CODE_SIGN_IDENTITY = "iPhone Developer";
				COPY_PHASE_STRIP = NO;
				DEBUG_INFORMATION_FORMAT = dwarf;
				ENABLE_STRICT_OBJC_MSGSEND = YES;
				ENABLE_TESTABILITY = YES;
				GCC_C_LANGUAGE_STANDARD = gnu11;
				GCC_DYNAMIC_NO_PIC = NO;
				GCC_NO_COMMON_BLOCKS = YES;
				GCC_OPTIMIZATION_LEVEL = 0;
				GCC_PREPROCESSOR_DEFINITIONS = (
					"DEBUG=1",
					"$(inherited)",
				);
				GCC_WARN_64_TO_32_BIT_CONVERSION = YES;
				GCC_WARN_ABOUT_RETURN_TYPE = YES_ERROR;
				GCC_WARN_UNDECLARED_SELECTOR = YES;
				GCC_WARN_UNINITIALIZED_AUTOS = YES_AGGRESSIVE;
				GCC_WARN_UNUSED_FUNCTION = YES;
				GCC_WARN_UNUSED_VARIABLE = YES;
				IPHONEOS_DEPLOYMENT_TARGET = 12.0;
				MTL_ENABLE_DEBUG_INFO = INCLUDE_SOURCE;
				MTL_FAST_MATH = YES;
				ONLY_ACTIVE_ARCH = YES;
				SDKROOT = iphoneos;
				SWIFT_ACTIVE_COMPILATION_CONDITIONS = DEBUG;
				SWIFT_OPTIMIZATION_LEVEL = "-Onone";
			};
			name = Debug;
		};
		BE1DC537214FA1D400E6AF30 /* Release */ = {
			isa = XCBuildConfiguration;
			buildSettings = {
				ALWAYS_SEARCH_USER_PATHS = NO;
				CLANG_ANALYZER_NONNULL = YES;
				CLANG_ANALYZER_NUMBER_OBJECT_CONVERSION = YES_AGGRESSIVE;
				CLANG_CXX_LANGUAGE_STANDARD = "gnu++14";
				CLANG_CXX_LIBRARY = "libc++";
				CLANG_ENABLE_MODULES = YES;
				CLANG_ENABLE_OBJC_ARC = YES;
				CLANG_ENABLE_OBJC_WEAK = YES;
				CLANG_WARN_BLOCK_CAPTURE_AUTORELEASING = YES;
				CLANG_WARN_BOOL_CONVERSION = YES;
				CLANG_WARN_COMMA = YES;
				CLANG_WARN_CONSTANT_CONVERSION = YES;
				CLANG_WARN_DEPRECATED_OBJC_IMPLEMENTATIONS = YES;
				CLANG_WARN_DIRECT_OBJC_ISA_USAGE = YES_ERROR;
				CLANG_WARN_DOCUMENTATION_COMMENTS = YES;
				CLANG_WARN_EMPTY_BODY = YES;
				CLANG_WARN_ENUM_CONVERSION = YES;
				CLANG_WARN_INFINITE_RECURSION = YES;
				CLANG_WARN_INT_CONVERSION = YES;
				CLANG_WARN_NON_LITERAL_NULL_CONVERSION = YES;
				CLANG_WARN_OBJC_IMPLICIT_RETAIN_SELF = YES;
				CLANG_WARN_OBJC_LITERAL_CONVERSION = YES;
				CLANG_WARN_OBJC_ROOT_CLASS = YES_ERROR;
				CLANG_WARN_RANGE_LOOP_ANALYSIS = YES;
				CLANG_WARN_STRICT_PROTOTYPES = YES;
				CLANG_WARN_SUSPICIOUS_MOVE = YES;
				CLANG_WARN_UNGUARDED_AVAILABILITY = YES_AGGRESSIVE;
				CLANG_WARN_UNREACHABLE_CODE = YES;
				CLANG_WARN__DUPLICATE_METHOD_MATCH = YES;
				CODE_SIGN_IDENTITY = "iPhone Developer";
				COPY_PHASE_STRIP = NO;
				DEBUG_INFORMATION_FORMAT = "dwarf-with-dsym";
				ENABLE_NS_ASSERTIONS = NO;
				ENABLE_STRICT_OBJC_MSGSEND = YES;
				GCC_C_LANGUAGE_STANDARD = gnu11;
				GCC_NO_COMMON_BLOCKS = YES;
				GCC_WARN_64_TO_32_BIT_CONVERSION = YES;
				GCC_WARN_ABOUT_RETURN_TYPE = YES_ERROR;
				GCC_WARN_UNDECLARED_SELECTOR = YES;
				GCC_WARN_UNINITIALIZED_AUTOS = YES_AGGRESSIVE;
				GCC_WARN_UNUSED_FUNCTION = YES;
				GCC_WARN_UNUSED_VARIABLE = YES;
				IPHONEOS_DEPLOYMENT_TARGET = 12.0;
				MTL_ENABLE_DEBUG_INFO = NO;
				MTL_FAST_MATH = YES;
				SDKROOT = iphoneos;
				SWIFT_COMPILATION_MODE = wholemodule;
				SWIFT_OPTIMIZATION_LEVEL = "-O";
				VALIDATE_PRODUCT = YES;
			};
			name = Release;
		};
		BE1DC539214FA1D400E6AF30 /* Debug */ = {
			isa = XCBuildConfiguration;
			buildSettings = {
				ASSETCATALOG_COMPILER_APPICON_NAME = AppIcon;
				CODE_SIGN_STYLE = Automatic;
				DEVELOPMENT_TEAM = N2HCJ99WYH;
				INFOPLIST_FILE = 020g/Info.plist;
				IPHONEOS_DEPLOYMENT_TARGET = 9.0;
				LD_RUNPATH_SEARCH_PATHS = (
					"$(inherited)",
					"@executable_path/Frameworks",
				);
				PRODUCT_BUNDLE_IDENTIFIER = ru.020g.020g;
				PRODUCT_NAME = "$(TARGET_NAME)";
				SWIFT_VERSION = 4.2;
				TARGETED_DEVICE_FAMILY = 1;
			};
			name = Debug;
		};
		BE1DC53A214FA1D400E6AF30 /* Release */ = {
			isa = XCBuildConfiguration;
			buildSettings = {
				ASSETCATALOG_COMPILER_APPICON_NAME = AppIcon;
				CODE_SIGN_STYLE = Automatic;
				DEVELOPMENT_TEAM = N2HCJ99WYH;
				INFOPLIST_FILE = 020g/Info.plist;
				IPHONEOS_DEPLOYMENT_TARGET = 9.0;
				LD_RUNPATH_SEARCH_PATHS = (
					"$(inherited)",
					"@executable_path/Frameworks",
				);
				PRODUCT_BUNDLE_IDENTIFIER = ru.020g.020g;
				PRODUCT_NAME = "$(TARGET_NAME)";
				SWIFT_VERSION = 4.2;
				TARGETED_DEVICE_FAMILY = 1;
			};
			name = Release;
		};
/* End XCBuildConfiguration section */

/* Begin XCConfigurationList section */
		BE1DC521214FA1D300E6AF30 /* Build configuration list for PBXProject "020g" */ = {
			isa = XCConfigurationList;
			buildConfigurations = (
				BE1DC536214FA1D400E6AF30 /* Debug */,
				BE1DC537214FA1D400E6AF30 /* Release */,
			);
			defaultConfigurationIsVisible = 0;
			defaultConfigurationName = Release;
		};
		BE1DC538214FA1D400E6AF30 /* Build configuration list for PBXNativeTarget "020g" */ = {
			isa = XCConfigurationList;
			buildConfigurations = (
				BE1DC539214FA1D400E6AF30 /* Debug */,
				BE1DC53A214FA1D400E6AF30 /* Release */,
			);
			defaultConfigurationIsVisible = 0;
			defaultConfigurationName = Release;
		};
/* End XCConfigurationList section */
	};
	rootObject = BE1DC51E214FA1D300E6AF30 /* Project object */;
}
