// !$*UTF8*$!
{
	archiveVersion = 1;
	classes = {
	};
	objectVersion = 50;
	objects = {

/* Begin PBXBuildFile section */
		537E45F6565CB1068F444414 /* Pods_020g.framework in Frameworks */ = {isa = PBXBuildFile; fileRef = 2BF73AA1738E430E7CD20076 /* Pods_020g.framework */; };
		BE05AA5B21592AEE002EDF38 /* MenuBarView.swift in Sources */ = {isa = PBXBuildFile; fileRef = BE05AA5A21592AEE002EDF38 /* MenuBarView.swift */; };
		BE1900852163D121005069C9 /* ShopCollectionViewCell.swift in Sources */ = {isa = PBXBuildFile; fileRef = BE1900842163D121005069C9 /* ShopCollectionViewCell.swift */; };
		BE19008B2165C163005069C9 /* SelectedCellLineView.swift in Sources */ = {isa = PBXBuildFile; fileRef = BE19008A2165C163005069C9 /* SelectedCellLineView.swift */; };
		BE19008D21672DB4005069C9 /* User.swift in Sources */ = {isa = PBXBuildFile; fileRef = BE19008C21672DB4005069C9 /* User.swift */; };
		BE19008F21678CC0005069C9 /* UITextFieldExtension.swift in Sources */ = {isa = PBXBuildFile; fileRef = BE19008E21678CC0005069C9 /* UITextFieldExtension.swift */; };
		BE1DC52A214FA1D300E6AF30 /* AppDelegate.swift in Sources */ = {isa = PBXBuildFile; fileRef = BE1DC529214FA1D300E6AF30 /* AppDelegate.swift */; };
		BE1DC52C214FA1D300E6AF30 /* ContainerViewController.swift in Sources */ = {isa = PBXBuildFile; fileRef = BE1DC52B214FA1D300E6AF30 /* ContainerViewController.swift */; };
		BE1DC531214FA1D400E6AF30 /* Assets.xcassets in Resources */ = {isa = PBXBuildFile; fileRef = BE1DC530214FA1D400E6AF30 /* Assets.xcassets */; };
		BE1DC534214FA1D400E6AF30 /* LaunchScreen.storyboard in Resources */ = {isa = PBXBuildFile; fileRef = BE1DC532214FA1D400E6AF30 /* LaunchScreen.storyboard */; };
		BE1DC542214FA61E00E6AF30 /* Helpers.swift in Sources */ = {isa = PBXBuildFile; fileRef = BE1DC541214FA61E00E6AF30 /* Helpers.swift */; };
		BE1DC544214FAA3900E6AF30 /* AuthorizationViewController.swift in Sources */ = {isa = PBXBuildFile; fileRef = BE1DC543214FAA3900E6AF30 /* AuthorizationViewController.swift */; };
		BE1DC546214FAA6700E6AF30 /* AskViewController.swift in Sources */ = {isa = PBXBuildFile; fileRef = BE1DC545214FAA6700E6AF30 /* AskViewController.swift */; };
		BE1DC548214FAADC00E6AF30 /* ForgotPasswordViewController.swift in Sources */ = {isa = PBXBuildFile; fileRef = BE1DC547214FAADC00E6AF30 /* ForgotPasswordViewController.swift */; };
		BE1DC54A214FAB3A00E6AF30 /* CatalogTreeTableViewController.swift in Sources */ = {isa = PBXBuildFile; fileRef = BE1DC549214FAB3A00E6AF30 /* CatalogTreeTableViewController.swift */; };
		BE1DC54C214FAB4800E6AF30 /* SecondCatalogTreeTableViewController.swift in Sources */ = {isa = PBXBuildFile; fileRef = BE1DC54B214FAB4800E6AF30 /* SecondCatalogTreeTableViewController.swift */; };
		BE1DC54E214FAB6A00E6AF30 /* ProductTableViewController.swift in Sources */ = {isa = PBXBuildFile; fileRef = BE1DC54D214FAB6A00E6AF30 /* ProductTableViewController.swift */; };
		BE1DC550214FAB7F00E6AF30 /* CatalogCollectionViewController.swift in Sources */ = {isa = PBXBuildFile; fileRef = BE1DC54F214FAB7F00E6AF30 /* CatalogCollectionViewController.swift */; };
		BE1DC552214FABCE00E6AF30 /* SearchCollectionViewController.swift in Sources */ = {isa = PBXBuildFile; fileRef = BE1DC551214FABCE00E6AF30 /* SearchCollectionViewController.swift */; };
		BE1DC554214FABE300E6AF30 /* FilterTableViewController.swift in Sources */ = {isa = PBXBuildFile; fileRef = BE1DC553214FABE300E6AF30 /* FilterTableViewController.swift */; };
		BE1DC556214FAE3800E6AF30 /* LoginInputContainerView.swift in Sources */ = {isa = PBXBuildFile; fileRef = BE1DC555214FAE3800E6AF30 /* LoginInputContainerView.swift */; };
		BE1DC55821500AF700E6AF30 /* StandardTextField.swift in Sources */ = {isa = PBXBuildFile; fileRef = BE1DC55721500AF700E6AF30 /* StandardTextField.swift */; };
		BE1DC55A215221E200E6AF30 /* SeparatorView.swift in Sources */ = {isa = PBXBuildFile; fileRef = BE1DC559215221E200E6AF30 /* SeparatorView.swift */; };
		BE1DC55C2152225D00E6AF30 /* StandardButton.swift in Sources */ = {isa = PBXBuildFile; fileRef = BE1DC55B2152225D00E6AF30 /* StandardButton.swift */; };
		BE1DC55E2153E8A600E6AF30 /* RecallPasswordView.swift in Sources */ = {isa = PBXBuildFile; fileRef = BE1DC55D2153E8A600E6AF30 /* RecallPasswordView.swift */; };
		BE1DC5602153EFB700E6AF30 /* TitledInputView.swift in Sources */ = {isa = PBXBuildFile; fileRef = BE1DC55F2153EFB700E6AF30 /* TitledInputView.swift */; };
		BE1DC5622153F10800E6AF30 /* AskView.swift in Sources */ = {isa = PBXBuildFile; fileRef = BE1DC5612153F10800E6AF30 /* AskView.swift */; };
		BE1DC564215408C500E6AF30 /* UIViewExtension.swift in Sources */ = {isa = PBXBuildFile; fileRef = BE1DC563215408C500E6AF30 /* UIViewExtension.swift */; };
		BE3D1D202159537500A6E9E4 /* MenuBarCollectionViewCell.swift in Sources */ = {isa = PBXBuildFile; fileRef = BE3D1D1F2159537500A6E9E4 /* MenuBarCollectionViewCell.swift */; };
		BE3D1D22215954DD00A6E9E4 /* CatalogItemCollectionViewCell.swift in Sources */ = {isa = PBXBuildFile; fileRef = BE3D1D21215954DD00A6E9E4 /* CatalogItemCollectionViewCell.swift */; };
		BEA2FFA72154D2DC00E5C6FA /* MenuViewController.swift in Sources */ = {isa = PBXBuildFile; fileRef = BEA2FFA62154D2DC00E5C6FA /* MenuViewController.swift */; };
		BEA2FFA92154D3AB00E5C6FA /* MenuTableViewCell.swift in Sources */ = {isa = PBXBuildFile; fileRef = BEA2FFA82154D3AB00E5C6FA /* MenuTableViewCell.swift */; };
		BEA2FFAB215500C000E5C6FA /* MainCollectionViewController.swift in Sources */ = {isa = PBXBuildFile; fileRef = BEA2FFAA215500C000E5C6FA /* MainCollectionViewController.swift */; };
		BEA2FFAD215502A400E5C6FA /* CenterViewControllerDelegate.swift in Sources */ = {isa = PBXBuildFile; fileRef = BEA2FFAC215502A400E5C6FA /* CenterViewControllerDelegate.swift */; };
		BEF1B988215F664900348A3D /* URLSessionDataTaskExtension.swift in Sources */ = {isa = PBXBuildFile; fileRef = BEF1B987215F664900348A3D /* URLSessionDataTaskExtension.swift */; };
		BEF1B98A215F69AB00348A3D /* UIImageViewExtension.swift in Sources */ = {isa = PBXBuildFile; fileRef = BEF1B989215F69AB00348A3D /* UIImageViewExtension.swift */; };
		BEF1B98D2162088400348A3D /* BarButton.swift in Sources */ = {isa = PBXBuildFile; fileRef = BEF1B98C2162088400348A3D /* BarButton.swift */; };
		BEF1B98F216208B100348A3D /* CustomBarButtonItem.swift in Sources */ = {isa = PBXBuildFile; fileRef = BEF1B98E216208B100348A3D /* CustomBarButtonItem.swift */; };
		BEF1B991216208EA00348A3D /* CategoryCollectionViewCell.swift in Sources */ = {isa = PBXBuildFile; fileRef = BEF1B990216208EA00348A3D /* CategoryCollectionViewCell.swift */; };
		BEF1B99321620B3300348A3D /* CatalogCollectionView.swift in Sources */ = {isa = PBXBuildFile; fileRef = BEF1B99221620B3300348A3D /* CatalogCollectionView.swift */; };
		BEF1B995216247F800348A3D /* Shop.swift in Sources */ = {isa = PBXBuildFile; fileRef = BEF1B994216247F800348A3D /* Shop.swift */; };
		BEF6F697215AA816000E4BCB /* ShopListCollectionViewController.swift in Sources */ = {isa = PBXBuildFile; fileRef = BEF6F696215AA816000E4BCB /* ShopListCollectionViewController.swift */; };
		BEF6F699215B35E1000E4BCB /* ApiHandler.swift in Sources */ = {isa = PBXBuildFile; fileRef = BEF6F698215B35E1000E4BCB /* ApiHandler.swift */; };
		BEF6F69B215B36F3000E4BCB /* ApiKeys.swift in Sources */ = {isa = PBXBuildFile; fileRef = BEF6F69A215B36F3000E4BCB /* ApiKeys.swift */; };
		BEF6F69D215B9378000E4BCB /* Category.swift in Sources */ = {isa = PBXBuildFile; fileRef = BEF6F69C215B9378000E4BCB /* Category.swift */; };
		BEF6F69F215CC144000E4BCB /* Product.swift in Sources */ = {isa = PBXBuildFile; fileRef = BEF6F69E215CC144000E4BCB /* Product.swift */; };
		BEF6F6A1215E63AA000E4BCB /* MenuViewControllerDelegate.swift in Sources */ = {isa = PBXBuildFile; fileRef = BEF6F6A0215E63AA000E4BCB /* MenuViewControllerDelegate.swift */; };
		BEF6F6A4215F64F9000E4BCB /* ApplicationColors.swift in Sources */ = {isa = PBXBuildFile; fileRef = BEF6F6A3215F64F9000E4BCB /* ApplicationColors.swift */; };
/* End PBXBuildFile section */

/* Begin PBXFileReference section */
		2BF73AA1738E430E7CD20076 /* Pods_020g.framework */ = {isa = PBXFileReference; explicitFileType = wrapper.framework; includeInIndex = 0; path = Pods_020g.framework; sourceTree = BUILT_PRODUCTS_DIR; };
		BE05AA5A21592AEE002EDF38 /* MenuBarView.swift */ = {isa = PBXFileReference; lastKnownFileType = sourcecode.swift; path = MenuBarView.swift; sourceTree = "<group>"; };
		BE1900842163D121005069C9 /* ShopCollectionViewCell.swift */ = {isa = PBXFileReference; lastKnownFileType = sourcecode.swift; path = ShopCollectionViewCell.swift; sourceTree = "<group>"; };
		BE19008A2165C163005069C9 /* SelectedCellLineView.swift */ = {isa = PBXFileReference; lastKnownFileType = sourcecode.swift; path = SelectedCellLineView.swift; sourceTree = "<group>"; };
		BE19008C21672DB4005069C9 /* User.swift */ = {isa = PBXFileReference; lastKnownFileType = sourcecode.swift; path = User.swift; sourceTree = "<group>"; };
		BE19008E21678CC0005069C9 /* UITextFieldExtension.swift */ = {isa = PBXFileReference; lastKnownFileType = sourcecode.swift; path = UITextFieldExtension.swift; sourceTree = "<group>"; };
		BE1DC526214FA1D300E6AF30 /* 020g.app */ = {isa = PBXFileReference; explicitFileType = wrapper.application; includeInIndex = 0; path = 020g.app; sourceTree = BUILT_PRODUCTS_DIR; };
		BE1DC529214FA1D300E6AF30 /* AppDelegate.swift */ = {isa = PBXFileReference; lastKnownFileType = sourcecode.swift; path = AppDelegate.swift; sourceTree = "<group>"; };
		BE1DC52B214FA1D300E6AF30 /* ContainerViewController.swift */ = {isa = PBXFileReference; lastKnownFileType = sourcecode.swift; path = ContainerViewController.swift; sourceTree = "<group>"; };
		BE1DC530214FA1D400E6AF30 /* Assets.xcassets */ = {isa = PBXFileReference; lastKnownFileType = folder.assetcatalog; path = Assets.xcassets; sourceTree = "<group>"; };
		BE1DC533214FA1D400E6AF30 /* Base */ = {isa = PBXFileReference; lastKnownFileType = file.storyboard; name = Base; path = Base.lproj/LaunchScreen.storyboard; sourceTree = "<group>"; };
		BE1DC535214FA1D400E6AF30 /* Info.plist */ = {isa = PBXFileReference; lastKnownFileType = text.plist.xml; path = Info.plist; sourceTree = "<group>"; };
		BE1DC541214FA61E00E6AF30 /* Helpers.swift */ = {isa = PBXFileReference; lastKnownFileType = sourcecode.swift; path = Helpers.swift; sourceTree = "<group>"; };
		BE1DC543214FAA3900E6AF30 /* AuthorizationViewController.swift */ = {isa = PBXFileReference; lastKnownFileType = sourcecode.swift; path = AuthorizationViewController.swift; sourceTree = "<group>"; };
		BE1DC545214FAA6700E6AF30 /* AskViewController.swift */ = {isa = PBXFileReference; lastKnownFileType = sourcecode.swift; path = AskViewController.swift; sourceTree = "<group>"; };
		BE1DC547214FAADC00E6AF30 /* ForgotPasswordViewController.swift */ = {isa = PBXFileReference; lastKnownFileType = sourcecode.swift; path = ForgotPasswordViewController.swift; sourceTree = "<group>"; };
		BE1DC549214FAB3A00E6AF30 /* CatalogTreeTableViewController.swift */ = {isa = PBXFileReference; lastKnownFileType = sourcecode.swift; path = CatalogTreeTableViewController.swift; sourceTree = "<group>"; };
		BE1DC54B214FAB4800E6AF30 /* SecondCatalogTreeTableViewController.swift */ = {isa = PBXFileReference; lastKnownFileType = sourcecode.swift; path = SecondCatalogTreeTableViewController.swift; sourceTree = "<group>"; };
		BE1DC54D214FAB6A00E6AF30 /* ProductTableViewController.swift */ = {isa = PBXFileReference; lastKnownFileType = sourcecode.swift; path = ProductTableViewController.swift; sourceTree = "<group>"; };
		BE1DC54F214FAB7F00E6AF30 /* CatalogCollectionViewController.swift */ = {isa = PBXFileReference; lastKnownFileType = sourcecode.swift; path = CatalogCollectionViewController.swift; sourceTree = "<group>"; };
		BE1DC551214FABCE00E6AF30 /* SearchCollectionViewController.swift */ = {isa = PBXFileReference; lastKnownFileType = sourcecode.swift; path = SearchCollectionViewController.swift; sourceTree = "<group>"; };
		BE1DC553214FABE300E6AF30 /* FilterTableViewController.swift */ = {isa = PBXFileReference; lastKnownFileType = sourcecode.swift; path = FilterTableViewController.swift; sourceTree = "<group>"; };
		BE1DC555214FAE3800E6AF30 /* LoginInputContainerView.swift */ = {isa = PBXFileReference; lastKnownFileType = sourcecode.swift; path = LoginInputContainerView.swift; sourceTree = "<group>"; };
		BE1DC55721500AF700E6AF30 /* StandardTextField.swift */ = {isa = PBXFileReference; lastKnownFileType = sourcecode.swift; path = StandardTextField.swift; sourceTree = "<group>"; };
		BE1DC559215221E200E6AF30 /* SeparatorView.swift */ = {isa = PBXFileReference; lastKnownFileType = sourcecode.swift; path = SeparatorView.swift; sourceTree = "<group>"; };
		BE1DC55B2152225D00E6AF30 /* StandardButton.swift */ = {isa = PBXFileReference; lastKnownFileType = sourcecode.swift; path = StandardButton.swift; sourceTree = "<group>"; };
		BE1DC55D2153E8A600E6AF30 /* RecallPasswordView.swift */ = {isa = PBXFileReference; lastKnownFileType = sourcecode.swift; path = RecallPasswordView.swift; sourceTree = "<group>"; };
		BE1DC55F2153EFB700E6AF30 /* TitledInputView.swift */ = {isa = PBXFileReference; lastKnownFileType = sourcecode.swift; path = TitledInputView.swift; sourceTree = "<group>"; };
		BE1DC5612153F10800E6AF30 /* AskView.swift */ = {isa = PBXFileReference; lastKnownFileType = sourcecode.swift; path = AskView.swift; sourceTree = "<group>"; };
		BE1DC563215408C500E6AF30 /* UIViewExtension.swift */ = {isa = PBXFileReference; lastKnownFileType = sourcecode.swift; path = UIViewExtension.swift; sourceTree = "<group>"; };
		BE3D1D1F2159537500A6E9E4 /* MenuBarCollectionViewCell.swift */ = {isa = PBXFileReference; lastKnownFileType = sourcecode.swift; path = MenuBarCollectionViewCell.swift; sourceTree = "<group>"; };
		BE3D1D21215954DD00A6E9E4 /* CatalogItemCollectionViewCell.swift */ = {isa = PBXFileReference; lastKnownFileType = sourcecode.swift; path = CatalogItemCollectionViewCell.swift; sourceTree = "<group>"; };
		BEA2FFA62154D2DC00E5C6FA /* MenuViewController.swift */ = {isa = PBXFileReference; lastKnownFileType = sourcecode.swift; path = MenuViewController.swift; sourceTree = "<group>"; };
		BEA2FFA82154D3AB00E5C6FA /* MenuTableViewCell.swift */ = {isa = PBXFileReference; lastKnownFileType = sourcecode.swift; path = MenuTableViewCell.swift; sourceTree = "<group>"; };
		BEA2FFAA215500C000E5C6FA /* MainCollectionViewController.swift */ = {isa = PBXFileReference; lastKnownFileType = sourcecode.swift; path = MainCollectionViewController.swift; sourceTree = "<group>"; };
		BEA2FFAC215502A400E5C6FA /* CenterViewControllerDelegate.swift */ = {isa = PBXFileReference; lastKnownFileType = sourcecode.swift; path = CenterViewControllerDelegate.swift; sourceTree = "<group>"; };
		BEF1B987215F664900348A3D /* URLSessionDataTaskExtension.swift */ = {isa = PBXFileReference; lastKnownFileType = sourcecode.swift; path = URLSessionDataTaskExtension.swift; sourceTree = "<group>"; };
		BEF1B989215F69AB00348A3D /* UIImageViewExtension.swift */ = {isa = PBXFileReference; lastKnownFileType = sourcecode.swift; path = UIImageViewExtension.swift; sourceTree = "<group>"; };
		BEF1B98C2162088400348A3D /* BarButton.swift */ = {isa = PBXFileReference; lastKnownFileType = sourcecode.swift; path = BarButton.swift; sourceTree = "<group>"; };
		BEF1B98E216208B100348A3D /* CustomBarButtonItem.swift */ = {isa = PBXFileReference; lastKnownFileType = sourcecode.swift; path = CustomBarButtonItem.swift; sourceTree = "<group>"; };
		BEF1B990216208EA00348A3D /* CategoryCollectionViewCell.swift */ = {isa = PBXFileReference; lastKnownFileType = sourcecode.swift; path = CategoryCollectionViewCell.swift; sourceTree = "<group>"; };
		BEF1B99221620B3300348A3D /* CatalogCollectionView.swift */ = {isa = PBXFileReference; lastKnownFileType = sourcecode.swift; path = CatalogCollectionView.swift; sourceTree = "<group>"; };
		BEF1B994216247F800348A3D /* Shop.swift */ = {isa = PBXFileReference; lastKnownFileType = sourcecode.swift; path = Shop.swift; sourceTree = "<group>"; };
		BEF6F696215AA816000E4BCB /* ShopListCollectionViewController.swift */ = {isa = PBXFileReference; lastKnownFileType = sourcecode.swift; path = ShopListCollectionViewController.swift; sourceTree = "<group>"; };
		BEF6F698215B35E1000E4BCB /* ApiHandler.swift */ = {isa = PBXFileReference; lastKnownFileType = sourcecode.swift; path = ApiHandler.swift; sourceTree = "<group>"; };
		BEF6F69A215B36F3000E4BCB /* ApiKeys.swift */ = {isa = PBXFileReference; lastKnownFileType = sourcecode.swift; path = ApiKeys.swift; sourceTree = "<group>"; };
		BEF6F69C215B9378000E4BCB /* Category.swift */ = {isa = PBXFileReference; lastKnownFileType = sourcecode.swift; path = Category.swift; sourceTree = "<group>"; };
		BEF6F69E215CC144000E4BCB /* Product.swift */ = {isa = PBXFileReference; lastKnownFileType = sourcecode.swift; path = Product.swift; sourceTree = "<group>"; };
		BEF6F6A0215E63AA000E4BCB /* MenuViewControllerDelegate.swift */ = {isa = PBXFileReference; lastKnownFileType = sourcecode.swift; path = MenuViewControllerDelegate.swift; sourceTree = "<group>"; };
		BEF6F6A3215F64F9000E4BCB /* ApplicationColors.swift */ = {isa = PBXFileReference; lastKnownFileType = sourcecode.swift; path = ApplicationColors.swift; sourceTree = "<group>"; };
		C545ED24159F94FB840975B4 /* Pods-020g.release.xcconfig */ = {isa = PBXFileReference; includeInIndex = 1; lastKnownFileType = text.xcconfig; name = "Pods-020g.release.xcconfig"; path = "Pods/Target Support Files/Pods-020g/Pods-020g.release.xcconfig"; sourceTree = "<group>"; };
		E6FB01E1AB0559566500FEB0 /* Pods-020g.debug.xcconfig */ = {isa = PBXFileReference; includeInIndex = 1; lastKnownFileType = text.xcconfig; name = "Pods-020g.debug.xcconfig"; path = "Pods/Target Support Files/Pods-020g/Pods-020g.debug.xcconfig"; sourceTree = "<group>"; };
/* End PBXFileReference section */

/* Begin PBXFrameworksBuildPhase section */
		BE1DC523214FA1D300E6AF30 /* Frameworks */ = {
			isa = PBXFrameworksBuildPhase;
			buildActionMask = 2147483647;
			files = (
				537E45F6565CB1068F444414 /* Pods_020g.framework in Frameworks */,
			);
			runOnlyForDeploymentPostprocessing = 0;
		};
/* End PBXFrameworksBuildPhase section */

/* Begin PBXGroup section */
		BB8F4453BBE381C4A4AA5608 /* Frameworks */ = {
			isa = PBXGroup;
			children = (
				2BF73AA1738E430E7CD20076 /* Pods_020g.framework */,
			);
			name = Frameworks;
			sourceTree = "<group>";
		};
		BE1DC51D214FA1D300E6AF30 = {
			isa = PBXGroup;
			children = (
				BE1DC528214FA1D300E6AF30 /* 020g */,
				BE1DC527214FA1D300E6AF30 /* Products */,
				C37F5F096A8D7CAB6E88F2B9 /* Pods */,
				BB8F4453BBE381C4A4AA5608 /* Frameworks */,
			);
			sourceTree = "<group>";
		};
		BE1DC527214FA1D300E6AF30 /* Products */ = {
			isa = PBXGroup;
			children = (
				BE1DC526214FA1D300E6AF30 /* 020g.app */,
			);
			name = Products;
			sourceTree = "<group>";
		};
		BE1DC528214FA1D300E6AF30 /* 020g */ = {
			isa = PBXGroup;
			children = (
				BE1DC53C214FA26600E6AF30 /* Application Delegate */,
				BEF6F6A2215F5CCE000E4BCB /* ServerManager */,
				BE1DC53E214FA27900E6AF30 /* Models */,
				BE1DC53F214FA27E00E6AF30 /* Views */,
				BE1DC53D214FA27200E6AF30 /* Controllers */,
				BE1DC540214FA60500E6AF30 /* Helpers */,
				BE1DC53B214FA24E00E6AF30 /* Interface Builders */,
				BE1DC530214FA1D400E6AF30 /* Assets.xcassets */,
				BE1DC535214FA1D400E6AF30 /* Info.plist */,
			);
			path = 020g;
			sourceTree = "<group>";
		};
		BE1DC53B214FA24E00E6AF30 /* Interface Builders */ = {
			isa = PBXGroup;
			children = (
				BE1DC532214FA1D400E6AF30 /* LaunchScreen.storyboard */,
			);
			path = "Interface Builders";
			sourceTree = "<group>";
		};
		BE1DC53C214FA26600E6AF30 /* Application Delegate */ = {
			isa = PBXGroup;
			children = (
				BE1DC529214FA1D300E6AF30 /* AppDelegate.swift */,
			);
			path = "Application Delegate";
			sourceTree = "<group>";
		};
		BE1DC53D214FA27200E6AF30 /* Controllers */ = {
			isa = PBXGroup;
			children = (
				BEF1B98B21614EBA00348A3D /* Delegates */,
				BE1DC52B214FA1D300E6AF30 /* ContainerViewController.swift */,
				BEA2FFAA215500C000E5C6FA /* MainCollectionViewController.swift */,
				BEA2FFA62154D2DC00E5C6FA /* MenuViewController.swift */,
				BE1DC543214FAA3900E6AF30 /* AuthorizationViewController.swift */,
				BE1DC547214FAADC00E6AF30 /* ForgotPasswordViewController.swift */,
				BE1DC545214FAA6700E6AF30 /* AskViewController.swift */,
				BE1DC551214FABCE00E6AF30 /* SearchCollectionViewController.swift */,
				BE1DC553214FABE300E6AF30 /* FilterTableViewController.swift */,
				BE1DC549214FAB3A00E6AF30 /* CatalogTreeTableViewController.swift */,
				BE1DC54B214FAB4800E6AF30 /* SecondCatalogTreeTableViewController.swift */,
				BE1DC54D214FAB6A00E6AF30 /* ProductTableViewController.swift */,
				BE1DC54F214FAB7F00E6AF30 /* CatalogCollectionViewController.swift */,
				BEF6F696215AA816000E4BCB /* ShopListCollectionViewController.swift */,
			);
			path = Controllers;
			sourceTree = "<group>";
		};
		BE1DC53E214FA27900E6AF30 /* Models */ = {
			isa = PBXGroup;
			children = (
				BEF6F69A215B36F3000E4BCB /* ApiKeys.swift */,
				BEF6F69C215B9378000E4BCB /* Category.swift */,
				BEF6F69E215CC144000E4BCB /* Product.swift */,
				BEF1B994216247F800348A3D /* Shop.swift */,
				BE19008C21672DB4005069C9 /* User.swift */,
			);
			path = Models;
			sourceTree = "<group>";
		};
		BE1DC53F214FA27E00E6AF30 /* Views */ = {
			isa = PBXGroup;
			children = (
				BE1DC555214FAE3800E6AF30 /* LoginInputContainerView.swift */,
				BE1DC55D2153E8A600E6AF30 /* RecallPasswordView.swift */,
				BE1DC5612153F10800E6AF30 /* AskView.swift */,
				BE1DC55721500AF700E6AF30 /* StandardTextField.swift */,
				BE1DC55F2153EFB700E6AF30 /* TitledInputView.swift */,
				BE1DC559215221E200E6AF30 /* SeparatorView.swift */,
				BE1DC55B2152225D00E6AF30 /* StandardButton.swift */,
				BEA2FFA82154D3AB00E5C6FA /* MenuTableViewCell.swift */,
				BE19008A2165C163005069C9 /* SelectedCellLineView.swift */,
				BE05AA5A21592AEE002EDF38 /* MenuBarView.swift */,
				BE3D1D1F2159537500A6E9E4 /* MenuBarCollectionViewCell.swift */,
				BE3D1D21215954DD00A6E9E4 /* CatalogItemCollectionViewCell.swift */,
				BEF1B98C2162088400348A3D /* BarButton.swift */,
				BEF1B98E216208B100348A3D /* CustomBarButtonItem.swift */,
				BEF1B99221620B3300348A3D /* CatalogCollectionView.swift */,
				BEF1B990216208EA00348A3D /* CategoryCollectionViewCell.swift */,
				BE1900842163D121005069C9 /* ShopCollectionViewCell.swift */,
			);
			path = Views;
			sourceTree = "<group>";
		};
		BE1DC540214FA60500E6AF30 /* Helpers */ = {
			isa = PBXGroup;
			children = (
				BE1DC563215408C500E6AF30 /* UIViewExtension.swift */,
				BEF1B989215F69AB00348A3D /* UIImageViewExtension.swift */,
				BE19008E21678CC0005069C9 /* UITextFieldExtension.swift */,
				BEF1B987215F664900348A3D /* URLSessionDataTaskExtension.swift */,
				BE1DC541214FA61E00E6AF30 /* Helpers.swift */,
				BEF6F6A3215F64F9000E4BCB /* ApplicationColors.swift */,
			);
			path = Helpers;
			sourceTree = "<group>";
		};
		BEF1B98B21614EBA00348A3D /* Delegates */ = {
			isa = PBXGroup;
			children = (
				BEA2FFAC215502A400E5C6FA /* CenterViewControllerDelegate.swift */,
				BEF6F6A0215E63AA000E4BCB /* MenuViewControllerDelegate.swift */,
			);
			path = Delegates;
			sourceTree = "<group>";
		};
		BEF6F6A2215F5CCE000E4BCB /* ServerManager */ = {
			isa = PBXGroup;
			children = (
				BEF6F698215B35E1000E4BCB /* ApiHandler.swift */,
			);
			path = ServerManager;
			sourceTree = "<group>";
		};
		C37F5F096A8D7CAB6E88F2B9 /* Pods */ = {
			isa = PBXGroup;
			children = (
				E6FB01E1AB0559566500FEB0 /* Pods-020g.debug.xcconfig */,
				C545ED24159F94FB840975B4 /* Pods-020g.release.xcconfig */,
			);
			name = Pods;
			sourceTree = "<group>";
		};
/* End PBXGroup section */

/* Begin PBXNativeTarget section */
		BE1DC525214FA1D300E6AF30 /* 020g */ = {
			isa = PBXNativeTarget;
			buildConfigurationList = BE1DC538214FA1D400E6AF30 /* Build configuration list for PBXNativeTarget "020g" */;
			buildPhases = (
				59535D3CFF6097FB0932E6C5 /* [CP] Check Pods Manifest.lock */,
				BE1DC522214FA1D300E6AF30 /* Sources */,
				BE1DC523214FA1D300E6AF30 /* Frameworks */,
				BE1DC524214FA1D300E6AF30 /* Resources */,
				0857819E5AFC6391023DE096 /* [CP] Embed Pods Frameworks */,
			);
			buildRules = (
			);
			dependencies = (
			);
			name = 020g;
			productName = 020g;
			productReference = BE1DC526214FA1D300E6AF30 /* 020g.app */;
			productType = "com.apple.product-type.application";
		};
/* End PBXNativeTarget section */

/* Begin PBXProject section */
		BE1DC51E214FA1D300E6AF30 /* Project object */ = {
			isa = PBXProject;
			attributes = {
				LastSwiftUpdateCheck = 1000;
				LastUpgradeCheck = 1000;
				ORGANIZATIONNAME = "Юрий Истомин";
				TargetAttributes = {
					BE1DC525214FA1D300E6AF30 = {
						CreatedOnToolsVersion = 10.0;
					};
				};
			};
			buildConfigurationList = BE1DC521214FA1D300E6AF30 /* Build configuration list for PBXProject "020g" */;
			compatibilityVersion = "Xcode 9.3";
			developmentRegion = en;
			hasScannedForEncodings = 0;
			knownRegions = (
				en,
				Base,
			);
			mainGroup = BE1DC51D214FA1D300E6AF30;
			productRefGroup = BE1DC527214FA1D300E6AF30 /* Products */;
			projectDirPath = "";
			projectRoot = "";
			targets = (
				BE1DC525214FA1D300E6AF30 /* 020g */,
			);
		};
/* End PBXProject section */

/* Begin PBXResourcesBuildPhase section */
		BE1DC524214FA1D300E6AF30 /* Resources */ = {
			isa = PBXResourcesBuildPhase;
			buildActionMask = 2147483647;
			files = (
				BE1DC534214FA1D400E6AF30 /* LaunchScreen.storyboard in Resources */,
				BE1DC531214FA1D400E6AF30 /* Assets.xcassets in Resources */,
			);
			runOnlyForDeploymentPostprocessing = 0;
		};
/* End PBXResourcesBuildPhase section */

/* Begin PBXShellScriptBuildPhase section */
		0857819E5AFC6391023DE096 /* [CP] Embed Pods Frameworks */ = {
			isa = PBXShellScriptBuildPhase;
			buildActionMask = 2147483647;
			files = (
			);
			inputPaths = (
				"${SRCROOT}/Pods/Target Support Files/Pods-020g/Pods-020g-frameworks.sh",
				"${BUILT_PRODUCTS_DIR}/Kingfisher/Kingfisher.framework",
			);
			name = "[CP] Embed Pods Frameworks";
			outputPaths = (
				"${TARGET_BUILD_DIR}/${FRAMEWORKS_FOLDER_PATH}/Kingfisher.framework",
			);
			runOnlyForDeploymentPostprocessing = 0;
			shellPath = /bin/sh;
			shellScript = "\"${SRCROOT}/Pods/Target Support Files/Pods-020g/Pods-020g-frameworks.sh\"\n";
			showEnvVarsInLog = 0;
		};
		59535D3CFF6097FB0932E6C5 /* [CP] Check Pods Manifest.lock */ = {
			isa = PBXShellScriptBuildPhase;
			buildActionMask = 2147483647;
			files = (
			);
			inputPaths = (
				"${PODS_PODFILE_DIR_PATH}/Podfile.lock",
				"${PODS_ROOT}/Manifest.lock",
			);
			name = "[CP] Check Pods Manifest.lock";
			outputPaths = (
				"$(DERIVED_FILE_DIR)/Pods-020g-checkManifestLockResult.txt",
			);
			runOnlyForDeploymentPostprocessing = 0;
			shellPath = /bin/sh;
			shellScript = "diff \"${PODS_PODFILE_DIR_PATH}/Podfile.lock\" \"${PODS_ROOT}/Manifest.lock\" > /dev/null\nif [ $? != 0 ] ; then\n    # print error to STDERR\n    echo \"error: The sandbox is not in sync with the Podfile.lock. Run 'pod install' or update your CocoaPods installation.\" >&2\n    exit 1\nfi\n# This output is used by Xcode 'outputs' to avoid re-running this script phase.\necho \"SUCCESS\" > \"${SCRIPT_OUTPUT_FILE_0}\"\n";
			showEnvVarsInLog = 0;
		};
/* End PBXShellScriptBuildPhase section */

/* Begin PBXSourcesBuildPhase section */
		BE1DC522214FA1D300E6AF30 /* Sources */ = {
			isa = PBXSourcesBuildPhase;
			buildActionMask = 2147483647;
			files = (
				BE1DC552214FABCE00E6AF30 /* SearchCollectionViewController.swift in Sources */,
				BE1DC55C2152225D00E6AF30 /* StandardButton.swift in Sources */,
				BE19008F21678CC0005069C9 /* UITextFieldExtension.swift in Sources */,
				BE1DC544214FAA3900E6AF30 /* AuthorizationViewController.swift in Sources */,
				BEF6F69D215B9378000E4BCB /* Category.swift in Sources */,
				BE1DC54E214FAB6A00E6AF30 /* ProductTableViewController.swift in Sources */,
				BEA2FFAB215500C000E5C6FA /* MainCollectionViewController.swift in Sources */,
				BEF6F699215B35E1000E4BCB /* ApiHandler.swift in Sources */,
				BE1DC550214FAB7F00E6AF30 /* CatalogCollectionViewController.swift in Sources */,
				BE1DC55821500AF700E6AF30 /* StandardTextField.swift in Sources */,
				BEF6F69F215CC144000E4BCB /* Product.swift in Sources */,
				BE3D1D22215954DD00A6E9E4 /* CatalogItemCollectionViewCell.swift in Sources */,
				BE1DC52C214FA1D300E6AF30 /* ContainerViewController.swift in Sources */,
				BEA2FFAD215502A400E5C6FA /* CenterViewControllerDelegate.swift in Sources */,
				BE05AA5B21592AEE002EDF38 /* MenuBarView.swift in Sources */,
				BEF1B98A215F69AB00348A3D /* UIImageViewExtension.swift in Sources */,
				BE1DC548214FAADC00E6AF30 /* ForgotPasswordViewController.swift in Sources */,
				BE1DC5622153F10800E6AF30 /* AskView.swift in Sources */,
				BEF6F69B215B36F3000E4BCB /* ApiKeys.swift in Sources */,
				BE1DC54C214FAB4800E6AF30 /* SecondCatalogTreeTableViewController.swift in Sources */,
				BEF1B991216208EA00348A3D /* CategoryCollectionViewCell.swift in Sources */,
				BEA2FFA92154D3AB00E5C6FA /* MenuTableViewCell.swift in Sources */,
				BEA2FFA72154D2DC00E5C6FA /* MenuViewController.swift in Sources */,
				BE3D1D202159537500A6E9E4 /* MenuBarCollectionViewCell.swift in Sources */,
				BEF1B98D2162088400348A3D /* BarButton.swift in Sources */,
				BE1DC564215408C500E6AF30 /* UIViewExtension.swift in Sources */,
				BE19008B2165C163005069C9 /* SelectedCellLineView.swift in Sources */,
				BEF6F6A4215F64F9000E4BCB /* ApplicationColors.swift in Sources */,
				BEF1B995216247F800348A3D /* Shop.swift in Sources */,
				BE1DC5602153EFB700E6AF30 /* TitledInputView.swift in Sources */,
				BEF6F6A1215E63AA000E4BCB /* MenuViewControllerDelegate.swift in Sources */,
				BE1DC556214FAE3800E6AF30 /* LoginInputContainerView.swift in Sources */,
				BE1900852163D121005069C9 /* ShopCollectionViewCell.swift in Sources */,
				BE19008D21672DB4005069C9 /* User.swift in Sources */,
				BE1DC554214FABE300E6AF30 /* FilterTableViewController.swift in Sources */,
				BE1DC542214FA61E00E6AF30 /* Helpers.swift in Sources */,
				BEF1B988215F664900348A3D /* URLSessionDataTaskExtension.swift in Sources */,
				BEF1B99321620B3300348A3D /* CatalogCollectionView.swift in Sources */,
				BE1DC546214FAA6700E6AF30 /* AskViewController.swift in Sources */,
				BEF6F697215AA816000E4BCB /* ShopListCollectionViewController.swift in Sources */,
				BEF1B98F216208B100348A3D /* CustomBarButtonItem.swift in Sources */,
				BE1DC55A215221E200E6AF30 /* SeparatorView.swift in Sources */,
				BE1DC54A214FAB3A00E6AF30 /* CatalogTreeTableViewController.swift in Sources */,
				BE1DC52A214FA1D300E6AF30 /* AppDelegate.swift in Sources */,
				BE1DC55E2153E8A600E6AF30 /* RecallPasswordView.swift in Sources */,
			);
			runOnlyForDeploymentPostprocessing = 0;
		};
/* End PBXSourcesBuildPhase section */

/* Begin PBXVariantGroup section */
		BE1DC532214FA1D400E6AF30 /* LaunchScreen.storyboard */ = {
			isa = PBXVariantGroup;
			children = (
				BE1DC533214FA1D400E6AF30 /* Base */,
			);
			name = LaunchScreen.storyboard;
			sourceTree = "<group>";
		};
/* End PBXVariantGroup section */

/* Begin XCBuildConfiguration section */
		BE1DC536214FA1D400E6AF30 /* Debug */ = {
			isa = XCBuildConfiguration;
			buildSettings = {
				ALWAYS_SEARCH_USER_PATHS = NO;
				CLANG_ANALYZER_NONNULL = YES;
				CLANG_ANALYZER_NUMBER_OBJECT_CONVERSION = YES_AGGRESSIVE;
				CLANG_CXX_LANGUAGE_STANDARD = "gnu++14";
				CLANG_CXX_LIBRARY = "libc++";
				CLANG_ENABLE_MODULES = YES;
				CLANG_ENABLE_OBJC_ARC = YES;
				CLANG_ENABLE_OBJC_WEAK = YES;
				CLANG_WARN_BLOCK_CAPTURE_AUTORELEASING = YES;
				CLANG_WARN_BOOL_CONVERSION = YES;
				CLANG_WARN_COMMA = YES;
				CLANG_WARN_CONSTANT_CONVERSION = YES;
				CLANG_WARN_DEPRECATED_OBJC_IMPLEMENTATIONS = YES;
				CLANG_WARN_DIRECT_OBJC_ISA_USAGE = YES_ERROR;
				CLANG_WARN_DOCUMENTATION_COMMENTS = YES;
				CLANG_WARN_EMPTY_BODY = YES;
				CLANG_WARN_ENUM_CONVERSION = YES;
				CLANG_WARN_INFINITE_RECURSION = YES;
				CLANG_WARN_INT_CONVERSION = YES;
				CLANG_WARN_NON_LITERAL_NULL_CONVERSION = YES;
				CLANG_WARN_OBJC_IMPLICIT_RETAIN_SELF = YES;
				CLANG_WARN_OBJC_LITERAL_CONVERSION = YES;
				CLANG_WARN_OBJC_ROOT_CLASS = YES_ERROR;
				CLANG_WARN_RANGE_LOOP_ANALYSIS = YES;
				CLANG_WARN_STRICT_PROTOTYPES = YES;
				CLANG_WARN_SUSPICIOUS_MOVE = YES;
				CLANG_WARN_UNGUARDED_AVAILABILITY = YES_AGGRESSIVE;
				CLANG_WARN_UNREACHABLE_CODE = YES;
				CLANG_WARN__DUPLICATE_METHOD_MATCH = YES;
				CODE_SIGN_IDENTITY = "iPhone Developer";
				COPY_PHASE_STRIP = NO;
				DEBUG_INFORMATION_FORMAT = dwarf;
				ENABLE_STRICT_OBJC_MSGSEND = YES;
				ENABLE_TESTABILITY = YES;
				GCC_C_LANGUAGE_STANDARD = gnu11;
				GCC_DYNAMIC_NO_PIC = NO;
				GCC_NO_COMMON_BLOCKS = YES;
				GCC_OPTIMIZATION_LEVEL = 0;
				GCC_PREPROCESSOR_DEFINITIONS = (
					"DEBUG=1",
					"$(inherited)",
				);
				GCC_WARN_64_TO_32_BIT_CONVERSION = YES;
				GCC_WARN_ABOUT_RETURN_TYPE = YES_ERROR;
				GCC_WARN_UNDECLARED_SELECTOR = YES;
				GCC_WARN_UNINITIALIZED_AUTOS = YES_AGGRESSIVE;
				GCC_WARN_UNUSED_FUNCTION = YES;
				GCC_WARN_UNUSED_VARIABLE = YES;
				IPHONEOS_DEPLOYMENT_TARGET = 12.0;
				MTL_ENABLE_DEBUG_INFO = INCLUDE_SOURCE;
				MTL_FAST_MATH = YES;
				ONLY_ACTIVE_ARCH = YES;
				SDKROOT = iphoneos;
				SWIFT_ACTIVE_COMPILATION_CONDITIONS = DEBUG;
				SWIFT_OPTIMIZATION_LEVEL = "-Onone";
			};
			name = Debug;
		};
		BE1DC537214FA1D400E6AF30 /* Release */ = {
			isa = XCBuildConfiguration;
			buildSettings = {
				ALWAYS_SEARCH_USER_PATHS = NO;
				CLANG_ANALYZER_NONNULL = YES;
				CLANG_ANALYZER_NUMBER_OBJECT_CONVERSION = YES_AGGRESSIVE;
				CLANG_CXX_LANGUAGE_STANDARD = "gnu++14";
				CLANG_CXX_LIBRARY = "libc++";
				CLANG_ENABLE_MODULES = YES;
				CLANG_ENABLE_OBJC_ARC = YES;
				CLANG_ENABLE_OBJC_WEAK = YES;
				CLANG_WARN_BLOCK_CAPTURE_AUTORELEASING = YES;
				CLANG_WARN_BOOL_CONVERSION = YES;
				CLANG_WARN_COMMA = YES;
				CLANG_WARN_CONSTANT_CONVERSION = YES;
				CLANG_WARN_DEPRECATED_OBJC_IMPLEMENTATIONS = YES;
				CLANG_WARN_DIRECT_OBJC_ISA_USAGE = YES_ERROR;
				CLANG_WARN_DOCUMENTATION_COMMENTS = YES;
				CLANG_WARN_EMPTY_BODY = YES;
				CLANG_WARN_ENUM_CONVERSION = YES;
				CLANG_WARN_INFINITE_RECURSION = YES;
				CLANG_WARN_INT_CONVERSION = YES;
				CLANG_WARN_NON_LITERAL_NULL_CONVERSION = YES;
				CLANG_WARN_OBJC_IMPLICIT_RETAIN_SELF = YES;
				CLANG_WARN_OBJC_LITERAL_CONVERSION = YES;
				CLANG_WARN_OBJC_ROOT_CLASS = YES_ERROR;
				CLANG_WARN_RANGE_LOOP_ANALYSIS = YES;
				CLANG_WARN_STRICT_PROTOTYPES = YES;
				CLANG_WARN_SUSPICIOUS_MOVE = YES;
				CLANG_WARN_UNGUARDED_AVAILABILITY = YES_AGGRESSIVE;
				CLANG_WARN_UNREACHABLE_CODE = YES;
				CLANG_WARN__DUPLICATE_METHOD_MATCH = YES;
				CODE_SIGN_IDENTITY = "iPhone Developer";
				COPY_PHASE_STRIP = NO;
				DEBUG_INFORMATION_FORMAT = "dwarf-with-dsym";
				ENABLE_NS_ASSERTIONS = NO;
				ENABLE_STRICT_OBJC_MSGSEND = YES;
				GCC_C_LANGUAGE_STANDARD = gnu11;
				GCC_NO_COMMON_BLOCKS = YES;
				GCC_WARN_64_TO_32_BIT_CONVERSION = YES;
				GCC_WARN_ABOUT_RETURN_TYPE = YES_ERROR;
				GCC_WARN_UNDECLARED_SELECTOR = YES;
				GCC_WARN_UNINITIALIZED_AUTOS = YES_AGGRESSIVE;
				GCC_WARN_UNUSED_FUNCTION = YES;
				GCC_WARN_UNUSED_VARIABLE = YES;
				IPHONEOS_DEPLOYMENT_TARGET = 12.0;
				MTL_ENABLE_DEBUG_INFO = NO;
				MTL_FAST_MATH = YES;
				SDKROOT = iphoneos;
				SWIFT_COMPILATION_MODE = wholemodule;
				SWIFT_OPTIMIZATION_LEVEL = "-O";
				VALIDATE_PRODUCT = YES;
			};
			name = Release;
		};
		BE1DC539214FA1D400E6AF30 /* Debug */ = {
			isa = XCBuildConfiguration;
			baseConfigurationReference = E6FB01E1AB0559566500FEB0 /* Pods-020g.debug.xcconfig */;
			buildSettings = {
				ASSETCATALOG_COMPILER_APPICON_NAME = AppIcon;
				CODE_SIGN_STYLE = Automatic;
				DEVELOPMENT_TEAM = N2HCJ99WYH;
				INFOPLIST_FILE = 020g/Info.plist;
				IPHONEOS_DEPLOYMENT_TARGET = 9.0;
				LD_RUNPATH_SEARCH_PATHS = (
					"$(inherited)",
					"@executable_path/Frameworks",
				);
				PRODUCT_BUNDLE_IDENTIFIER = ru.020g.020g;
				PRODUCT_NAME = "$(TARGET_NAME)";
				SWIFT_VERSION = 4.2;
				TARGETED_DEVICE_FAMILY = 1;
			};
			name = Debug;
		};
		BE1DC53A214FA1D400E6AF30 /* Release */ = {
			isa = XCBuildConfiguration;
			baseConfigurationReference = C545ED24159F94FB840975B4 /* Pods-020g.release.xcconfig */;
			buildSettings = {
				ASSETCATALOG_COMPILER_APPICON_NAME = AppIcon;
				CODE_SIGN_STYLE = Automatic;
				DEVELOPMENT_TEAM = N2HCJ99WYH;
				INFOPLIST_FILE = 020g/Info.plist;
				IPHONEOS_DEPLOYMENT_TARGET = 9.0;
				LD_RUNPATH_SEARCH_PATHS = (
					"$(inherited)",
					"@executable_path/Frameworks",
				);
				PRODUCT_BUNDLE_IDENTIFIER = ru.020g.020g;
				PRODUCT_NAME = "$(TARGET_NAME)";
				SWIFT_VERSION = 4.2;
				TARGETED_DEVICE_FAMILY = 1;
			};
			name = Release;
		};
/* End XCBuildConfiguration section */

/* Begin XCConfigurationList section */
		BE1DC521214FA1D300E6AF30 /* Build configuration list for PBXProject "020g" */ = {
			isa = XCConfigurationList;
			buildConfigurations = (
				BE1DC536214FA1D400E6AF30 /* Debug */,
				BE1DC537214FA1D400E6AF30 /* Release */,
			);
			defaultConfigurationIsVisible = 0;
			defaultConfigurationName = Release;
		};
		BE1DC538214FA1D400E6AF30 /* Build configuration list for PBXNativeTarget "020g" */ = {
			isa = XCConfigurationList;
			buildConfigurations = (
				BE1DC539214FA1D400E6AF30 /* Debug */,
				BE1DC53A214FA1D400E6AF30 /* Release */,
			);
			defaultConfigurationIsVisible = 0;
			defaultConfigurationName = Release;
		};
/* End XCConfigurationList section */
	};
	rootObject = BE1DC51E214FA1D300E6AF30 /* Project object */;
}
