// !$*UTF8*$!
{
	archiveVersion = 1;
	classes = {
	};
	objectVersion = 50;
	objects = {

/* Begin PBXBuildFile section */
		331B7EC981EEF71C2F7A5532 /* Pods_App020g.framework in Frameworks */ = {isa = PBXBuildFile; fileRef = 62BDE42DBF0CA10E2333BD10 /* Pods_App020g.framework */; };
		BE0218D42181C7E800C8DBEC /* UIViewControllerExtension.swift in Sources */ = {isa = PBXBuildFile; fileRef = BE0218D32181C7E800C8DBEC /* UIViewControllerExtension.swift */; };
		BE0218D62182077B00C8DBEC /* FilterBarView.swift in Sources */ = {isa = PBXBuildFile; fileRef = BE0218D52182077B00C8DBEC /* FilterBarView.swift */; };
		BE0218D82182207600C8DBEC /* FilterParameterTableViewCell.swift in Sources */ = {isa = PBXBuildFile; fileRef = BE0218D72182207600C8DBEC /* FilterParameterTableViewCell.swift */; };
		BE0218DB2185BAA500C8DBEC /* DropDownSortingMenu.swift in Sources */ = {isa = PBXBuildFile; fileRef = BE0218DA2185BAA500C8DBEC /* DropDownSortingMenu.swift */; };
		BE0218DD21861BD500C8DBEC /* FilterPriceTableViewCell.swift in Sources */ = {isa = PBXBuildFile; fileRef = BE0218DC21861BD500C8DBEC /* FilterPriceTableViewCell.swift */; };
		BE0218DF2186F0CB00C8DBEC /* FilterOptionsCollectionView.swift in Sources */ = {isa = PBXBuildFile; fileRef = BE0218DE2186F0CB00C8DBEC /* FilterOptionsCollectionView.swift */; };
		BE0218E12186F0E700C8DBEC /* FilterOptionCollectionViewCell.swift in Sources */ = {isa = PBXBuildFile; fileRef = BE0218E02186F0E700C8DBEC /* FilterOptionCollectionViewCell.swift */; };
		BE0218E32188819700C8DBEC /* AcceptFilterView.swift in Sources */ = {isa = PBXBuildFile; fileRef = BE0218E22188819700C8DBEC /* AcceptFilterView.swift */; };
		BE05AA5B21592AEE002EDF38 /* BarView.swift in Sources */ = {isa = PBXBuildFile; fileRef = BE05AA5A21592AEE002EDF38 /* BarView.swift */; };
		BE0FF0CF216F4F4700F126BB /* BreadcrumbsCollectionView.swift in Sources */ = {isa = PBXBuildFile; fileRef = BE0FF0CE216F4F4700F126BB /* BreadcrumbsCollectionView.swift */; };
		BE0FF0D1216F4F5100F126BB /* BreadcrumbsCollectionViewCell.swift in Sources */ = {isa = PBXBuildFile; fileRef = BE0FF0D0216F4F5100F126BB /* BreadcrumbsCollectionViewCell.swift */; };
		BE0FF0D5216FC3C200F126BB /* CitiesTableViewController.swift in Sources */ = {isa = PBXBuildFile; fileRef = BE0FF0D4216FC3C200F126BB /* CitiesTableViewController.swift */; };
		BE0FF0F72170C6DF00F126BB /* CustomHeaderView.swift in Sources */ = {isa = PBXBuildFile; fileRef = BE0FF0F62170C6DF00F126BB /* CustomHeaderView.swift */; };
		BE0FF0F92170E87600F126BB /* CenterViewController.swift in Sources */ = {isa = PBXBuildFile; fileRef = BE0FF0F82170E87600F126BB /* CenterViewController.swift */; };
		BE0FF0FB2174702600F126BB /* ImageIndicatorCollectionView.swift in Sources */ = {isa = PBXBuildFile; fileRef = BE0FF0FA2174702600F126BB /* ImageIndicatorCollectionView.swift */; };
		BE0FF1032175A45700F126BB /* App020gTests.swift in Sources */ = {isa = PBXBuildFile; fileRef = BE0FF1022175A45700F126BB /* App020gTests.swift */; };
		BE0FF10B2175A84B00F126BB /* CategoryPagesCollectionView.swift in Sources */ = {isa = PBXBuildFile; fileRef = BE0FF10A2175A84B00F126BB /* CategoryPagesCollectionView.swift */; };
		BE0FF10D2177212100F126BB /* CatalogCategory.swift in Sources */ = {isa = PBXBuildFile; fileRef = BE0FF10C2177212100F126BB /* CatalogCategory.swift */; };
		BE0FF10F217723EC00F126BB /* ApiHandlerSlowTests.swift in Sources */ = {isa = PBXBuildFile; fileRef = BE0FF10E217723EC00F126BB /* ApiHandlerSlowTests.swift */; };
		BE0FF11121772FA900F126BB /* CatalogTree.swift in Sources */ = {isa = PBXBuildFile; fileRef = BE0FF11021772FA900F126BB /* CatalogTree.swift */; };
		BE0FF1152177476C00F126BB /* CatalogTreeBaseCell.swift in Sources */ = {isa = PBXBuildFile; fileRef = BE0FF1142177476C00F126BB /* CatalogTreeBaseCell.swift */; };
		BE0FF1172177596F00F126BB /* SecondCatalogTreeCell.swift in Sources */ = {isa = PBXBuildFile; fileRef = BE0FF1162177596F00F126BB /* SecondCatalogTreeCell.swift */; };
		BE11CB7A218A009400BB83EF /* FilterParameterNameLabel.swift in Sources */ = {isa = PBXBuildFile; fileRef = BE11CB79218A009400BB83EF /* FilterParameterNameLabel.swift */; };
		BE11CB7D2190ADED00BB83EF /* ShopsViewModel.swift in Sources */ = {isa = PBXBuildFile; fileRef = BE11CB7C2190ADED00BB83EF /* ShopsViewModel.swift */; };
		BE1900852163D121005069C9 /* ShopCollectionViewCell.swift in Sources */ = {isa = PBXBuildFile; fileRef = BE1900842163D121005069C9 /* ShopCollectionViewCell.swift */; };
		BE19008B2165C163005069C9 /* SelectedCellLineView.swift in Sources */ = {isa = PBXBuildFile; fileRef = BE19008A2165C163005069C9 /* SelectedCellLineView.swift */; };
		BE19008D21672DB4005069C9 /* User.swift in Sources */ = {isa = PBXBuildFile; fileRef = BE19008C21672DB4005069C9 /* User.swift */; };
		BE19008F21678CC0005069C9 /* UITextFieldExtension.swift in Sources */ = {isa = PBXBuildFile; fileRef = BE19008E21678CC0005069C9 /* UITextFieldExtension.swift */; };
		BE1B64FA2189BD2D001D7418 /* CustomLabeledImageView.swift in Sources */ = {isa = PBXBuildFile; fileRef = BE1B64F92189BD2D001D7418 /* CustomLabeledImageView.swift */; };
		BE1DC52A214FA1D300E6AF30 /* AppDelegate.swift in Sources */ = {isa = PBXBuildFile; fileRef = BE1DC529214FA1D300E6AF30 /* AppDelegate.swift */; };
		BE1DC52C214FA1D300E6AF30 /* ContainerViewController.swift in Sources */ = {isa = PBXBuildFile; fileRef = BE1DC52B214FA1D300E6AF30 /* ContainerViewController.swift */; };
		BE1DC531214FA1D400E6AF30 /* Assets.xcassets in Resources */ = {isa = PBXBuildFile; fileRef = BE1DC530214FA1D400E6AF30 /* Assets.xcassets */; };
		BE1DC534214FA1D400E6AF30 /* LaunchScreen.storyboard in Resources */ = {isa = PBXBuildFile; fileRef = BE1DC532214FA1D400E6AF30 /* LaunchScreen.storyboard */; };
		BE1DC542214FA61E00E6AF30 /* Helpers.swift in Sources */ = {isa = PBXBuildFile; fileRef = BE1DC541214FA61E00E6AF30 /* Helpers.swift */; };
		BE1DC544214FAA3900E6AF30 /* AuthorizationViewController.swift in Sources */ = {isa = PBXBuildFile; fileRef = BE1DC543214FAA3900E6AF30 /* AuthorizationViewController.swift */; };
		BE1DC546214FAA6700E6AF30 /* AskViewController.swift in Sources */ = {isa = PBXBuildFile; fileRef = BE1DC545214FAA6700E6AF30 /* AskViewController.swift */; };
		BE1DC548214FAADC00E6AF30 /* ForgotPasswordViewController.swift in Sources */ = {isa = PBXBuildFile; fileRef = BE1DC547214FAADC00E6AF30 /* ForgotPasswordViewController.swift */; };
		BE1DC54A214FAB3A00E6AF30 /* CatalogTreeTableViewController.swift in Sources */ = {isa = PBXBuildFile; fileRef = BE1DC549214FAB3A00E6AF30 /* CatalogTreeTableViewController.swift */; };
		BE1DC54C214FAB4800E6AF30 /* SecondCatalogTreeTableViewController.swift in Sources */ = {isa = PBXBuildFile; fileRef = BE1DC54B214FAB4800E6AF30 /* SecondCatalogTreeTableViewController.swift */; };
		BE1DC54E214FAB6A00E6AF30 /* ProductTableViewController.swift in Sources */ = {isa = PBXBuildFile; fileRef = BE1DC54D214FAB6A00E6AF30 /* ProductTableViewController.swift */; };
		BE1DC550214FAB7F00E6AF30 /* CatalogCollectionViewController.swift in Sources */ = {isa = PBXBuildFile; fileRef = BE1DC54F214FAB7F00E6AF30 /* CatalogCollectionViewController.swift */; };
		BE1DC552214FABCE00E6AF30 /* SearchCollectionViewController.swift in Sources */ = {isa = PBXBuildFile; fileRef = BE1DC551214FABCE00E6AF30 /* SearchCollectionViewController.swift */; };
		BE1DC554214FABE300E6AF30 /* FilterTableViewController.swift in Sources */ = {isa = PBXBuildFile; fileRef = BE1DC553214FABE300E6AF30 /* FilterTableViewController.swift */; };
		BE1DC556214FAE3800E6AF30 /* LoginInputContainerView.swift in Sources */ = {isa = PBXBuildFile; fileRef = BE1DC555214FAE3800E6AF30 /* LoginInputContainerView.swift */; };
		BE1DC55821500AF700E6AF30 /* StandardTextField.swift in Sources */ = {isa = PBXBuildFile; fileRef = BE1DC55721500AF700E6AF30 /* StandardTextField.swift */; };
		BE1DC55A215221E200E6AF30 /* SeparatorView.swift in Sources */ = {isa = PBXBuildFile; fileRef = BE1DC559215221E200E6AF30 /* SeparatorView.swift */; };
		BE1DC55C2152225D00E6AF30 /* StandardButton.swift in Sources */ = {isa = PBXBuildFile; fileRef = BE1DC55B2152225D00E6AF30 /* StandardButton.swift */; };
		BE1DC55E2153E8A600E6AF30 /* RecallPasswordView.swift in Sources */ = {isa = PBXBuildFile; fileRef = BE1DC55D2153E8A600E6AF30 /* RecallPasswordView.swift */; };
		BE1DC5602153EFB700E6AF30 /* TitledInputView.swift in Sources */ = {isa = PBXBuildFile; fileRef = BE1DC55F2153EFB700E6AF30 /* TitledInputView.swift */; };
		BE1DC5622153F10800E6AF30 /* AskView.swift in Sources */ = {isa = PBXBuildFile; fileRef = BE1DC5612153F10800E6AF30 /* AskView.swift */; };
		BE1DC564215408C500E6AF30 /* UIViewExtension.swift in Sources */ = {isa = PBXBuildFile; fileRef = BE1DC563215408C500E6AF30 /* UIViewExtension.swift */; };
		BE3D1D202159537500A6E9E4 /* BarCollectionViewCell.swift in Sources */ = {isa = PBXBuildFile; fileRef = BE3D1D1F2159537500A6E9E4 /* BarCollectionViewCell.swift */; };
		BE3D1D22215954DD00A6E9E4 /* CatalogCollectionViewCell.swift in Sources */ = {isa = PBXBuildFile; fileRef = BE3D1D21215954DD00A6E9E4 /* CatalogCollectionViewCell.swift */; };
		BEA2FFA72154D2DC00E5C6FA /* MenuViewController.swift in Sources */ = {isa = PBXBuildFile; fileRef = BEA2FFA62154D2DC00E5C6FA /* MenuViewController.swift */; };
		BEA2FFA92154D3AB00E5C6FA /* MenuTableViewCell.swift in Sources */ = {isa = PBXBuildFile; fileRef = BEA2FFA82154D3AB00E5C6FA /* MenuTableViewCell.swift */; };
		BEA2FFAB215500C000E5C6FA /* MainViewController.swift in Sources */ = {isa = PBXBuildFile; fileRef = BEA2FFAA215500C000E5C6FA /* MainViewController.swift */; };
		BEA2FFAD215502A400E5C6FA /* CenterViewControllerDelegate.swift in Sources */ = {isa = PBXBuildFile; fileRef = BEA2FFAC215502A400E5C6FA /* CenterViewControllerDelegate.swift */; };
		BEC49823216B49140058347E /* ShopLabel.swift in Sources */ = {isa = PBXBuildFile; fileRef = BEC49822216B49140058347E /* ShopLabel.swift */; };
		BED20886217F3DC6007EFD01 /* Filter.swift in Sources */ = {isa = PBXBuildFile; fileRef = BED20885217F3DC6007EFD01 /* Filter.swift */; };
		BEE57E07216C8346005C9672 /* ProductImageCarouselTableViewCell.swift in Sources */ = {isa = PBXBuildFile; fileRef = BEE57E06216C8346005C9672 /* ProductImageCarouselTableViewCell.swift */; };
		BEE57E09216C9017005C9672 /* ImageCollectionViewCell.swift in Sources */ = {isa = PBXBuildFile; fileRef = BEE57E08216C9017005C9672 /* ImageCollectionViewCell.swift */; };
		BEE57E13216CB711005C9672 /* ProductPriceCell.swift in Sources */ = {isa = PBXBuildFile; fileRef = BEE57E12216CB711005C9672 /* ProductPriceCell.swift */; };
		BEE57E15216CE3BE005C9672 /* ProductDetailCell.swift in Sources */ = {isa = PBXBuildFile; fileRef = BEE57E14216CE3BE005C9672 /* ProductDetailCell.swift */; };
		BEF1B988215F664900348A3D /* URLSessionDataTaskExtension.swift in Sources */ = {isa = PBXBuildFile; fileRef = BEF1B987215F664900348A3D /* URLSessionDataTaskExtension.swift */; };
		BEF1B98A215F69AB00348A3D /* UIImageViewExtension.swift in Sources */ = {isa = PBXBuildFile; fileRef = BEF1B989215F69AB00348A3D /* UIImageViewExtension.swift */; };
		BEF1B98D2162088400348A3D /* BarButton.swift in Sources */ = {isa = PBXBuildFile; fileRef = BEF1B98C2162088400348A3D /* BarButton.swift */; };
		BEF1B98F216208B100348A3D /* CustomBarButtonItem.swift in Sources */ = {isa = PBXBuildFile; fileRef = BEF1B98E216208B100348A3D /* CustomBarButtonItem.swift */; };
		BEF1B991216208EA00348A3D /* CategoryCollectionViewCell.swift in Sources */ = {isa = PBXBuildFile; fileRef = BEF1B990216208EA00348A3D /* CategoryCollectionViewCell.swift */; };
		BEF1B99321620B3300348A3D /* CatalogCollectionView.swift in Sources */ = {isa = PBXBuildFile; fileRef = BEF1B99221620B3300348A3D /* CatalogCollectionView.swift */; };
		BEF1B995216247F800348A3D /* Shop.swift in Sources */ = {isa = PBXBuildFile; fileRef = BEF1B994216247F800348A3D /* Shop.swift */; };
		BEF6F697215AA816000E4BCB /* ShopsCollectionViewController.swift in Sources */ = {isa = PBXBuildFile; fileRef = BEF6F696215AA816000E4BCB /* ShopsCollectionViewController.swift */; };
		BEF6F699215B35E1000E4BCB /* ApiHandler.swift in Sources */ = {isa = PBXBuildFile; fileRef = BEF6F698215B35E1000E4BCB /* ApiHandler.swift */; };
		BEF6F69B215B36F3000E4BCB /* ApiKeys.swift in Sources */ = {isa = PBXBuildFile; fileRef = BEF6F69A215B36F3000E4BCB /* ApiKeys.swift */; };
		BEF6F69D215B9378000E4BCB /* Category.swift in Sources */ = {isa = PBXBuildFile; fileRef = BEF6F69C215B9378000E4BCB /* Category.swift */; };
		BEF6F69F215CC144000E4BCB /* Product.swift in Sources */ = {isa = PBXBuildFile; fileRef = BEF6F69E215CC144000E4BCB /* Product.swift */; };
		BEF6F6A1215E63AA000E4BCB /* MenuViewControllerDelegate.swift in Sources */ = {isa = PBXBuildFile; fileRef = BEF6F6A0215E63AA000E4BCB /* MenuViewControllerDelegate.swift */; };
		BEF6F6A4215F64F9000E4BCB /* ApplicationColors.swift in Sources */ = {isa = PBXBuildFile; fileRef = BEF6F6A3215F64F9000E4BCB /* ApplicationColors.swift */; };
/* End PBXBuildFile section */

/* Begin PBXContainerItemProxy section */
		BE0FF1052175A45700F126BB /* PBXContainerItemProxy */ = {
			isa = PBXContainerItemProxy;
			containerPortal = BE1DC51E214FA1D300E6AF30 /* Project object */;
			proxyType = 1;
			remoteGlobalIDString = BE1DC525214FA1D300E6AF30;
			remoteInfo = App020g;
		};
/* End PBXContainerItemProxy section */

/* Begin PBXFileReference section */
		2BF73AA1738E430E7CD20076 /* Pods_020g.framework */ = {isa = PBXFileReference; explicitFileType = wrapper.framework; includeInIndex = 0; path = Pods_020g.framework; sourceTree = BUILT_PRODUCTS_DIR; };
		5C5FD13B83585B9DE8ACB215 /* Pods-App020g.debug.xcconfig */ = {isa = PBXFileReference; includeInIndex = 1; lastKnownFileType = text.xcconfig; name = "Pods-App020g.debug.xcconfig"; path = "Pods/Target Support Files/Pods-App020g/Pods-App020g.debug.xcconfig"; sourceTree = "<group>"; };
		62BDE42DBF0CA10E2333BD10 /* Pods_App020g.framework */ = {isa = PBXFileReference; explicitFileType = wrapper.framework; includeInIndex = 0; path = Pods_App020g.framework; sourceTree = BUILT_PRODUCTS_DIR; };
		6A10778BD348057FFF02D613 /* Pods-App020g.release.xcconfig */ = {isa = PBXFileReference; includeInIndex = 1; lastKnownFileType = text.xcconfig; name = "Pods-App020g.release.xcconfig"; path = "Pods/Target Support Files/Pods-App020g/Pods-App020g.release.xcconfig"; sourceTree = "<group>"; };
		BE0218D32181C7E800C8DBEC /* UIViewControllerExtension.swift */ = {isa = PBXFileReference; lastKnownFileType = sourcecode.swift; path = UIViewControllerExtension.swift; sourceTree = "<group>"; };
		BE0218D52182077B00C8DBEC /* FilterBarView.swift */ = {isa = PBXFileReference; lastKnownFileType = sourcecode.swift; path = FilterBarView.swift; sourceTree = "<group>"; };
		BE0218D72182207600C8DBEC /* FilterParameterTableViewCell.swift */ = {isa = PBXFileReference; lastKnownFileType = sourcecode.swift; path = FilterParameterTableViewCell.swift; sourceTree = "<group>"; };
		BE0218DA2185BAA500C8DBEC /* DropDownSortingMenu.swift */ = {isa = PBXFileReference; lastKnownFileType = sourcecode.swift; path = DropDownSortingMenu.swift; sourceTree = "<group>"; };
		BE0218DC21861BD500C8DBEC /* FilterPriceTableViewCell.swift */ = {isa = PBXFileReference; lastKnownFileType = sourcecode.swift; path = FilterPriceTableViewCell.swift; sourceTree = "<group>"; };
		BE0218DE2186F0CB00C8DBEC /* FilterOptionsCollectionView.swift */ = {isa = PBXFileReference; lastKnownFileType = sourcecode.swift; path = FilterOptionsCollectionView.swift; sourceTree = "<group>"; };
		BE0218E02186F0E700C8DBEC /* FilterOptionCollectionViewCell.swift */ = {isa = PBXFileReference; lastKnownFileType = sourcecode.swift; path = FilterOptionCollectionViewCell.swift; sourceTree = "<group>"; };
		BE0218E22188819700C8DBEC /* AcceptFilterView.swift */ = {isa = PBXFileReference; lastKnownFileType = sourcecode.swift; path = AcceptFilterView.swift; sourceTree = "<group>"; };
		BE05AA5A21592AEE002EDF38 /* BarView.swift */ = {isa = PBXFileReference; lastKnownFileType = sourcecode.swift; path = BarView.swift; sourceTree = "<group>"; };
		BE0FF0CE216F4F4700F126BB /* BreadcrumbsCollectionView.swift */ = {isa = PBXFileReference; lastKnownFileType = sourcecode.swift; path = BreadcrumbsCollectionView.swift; sourceTree = "<group>"; };
		BE0FF0D0216F4F5100F126BB /* BreadcrumbsCollectionViewCell.swift */ = {isa = PBXFileReference; lastKnownFileType = sourcecode.swift; path = BreadcrumbsCollectionViewCell.swift; sourceTree = "<group>"; };
		BE0FF0D2216F512600F126BB /* ru-RU */ = {isa = PBXFileReference; lastKnownFileType = text.plist.strings; name = "ru-RU"; path = "ru-RU.lproj/LaunchScreen.strings"; sourceTree = "<group>"; };
		BE0FF0D3216F517200F126BB /* ru-RU */ = {isa = PBXFileReference; lastKnownFileType = file.storyboard; name = "ru-RU"; path = "ru-RU.lproj/LaunchScreen.storyboard"; sourceTree = "<group>"; };
		BE0FF0D4216FC3C200F126BB /* CitiesTableViewController.swift */ = {isa = PBXFileReference; lastKnownFileType = sourcecode.swift; path = CitiesTableViewController.swift; sourceTree = "<group>"; };
		BE0FF0F62170C6DF00F126BB /* CustomHeaderView.swift */ = {isa = PBXFileReference; lastKnownFileType = sourcecode.swift; path = CustomHeaderView.swift; sourceTree = "<group>"; };
		BE0FF0F82170E87600F126BB /* CenterViewController.swift */ = {isa = PBXFileReference; lastKnownFileType = sourcecode.swift; path = CenterViewController.swift; sourceTree = "<group>"; };
		BE0FF0FA2174702600F126BB /* ImageIndicatorCollectionView.swift */ = {isa = PBXFileReference; lastKnownFileType = sourcecode.swift; path = ImageIndicatorCollectionView.swift; sourceTree = "<group>"; };
		BE0FF1002175A45700F126BB /* App020gTests.xctest */ = {isa = PBXFileReference; explicitFileType = wrapper.cfbundle; includeInIndex = 0; path = App020gTests.xctest; sourceTree = BUILT_PRODUCTS_DIR; };
		BE0FF1022175A45700F126BB /* App020gTests.swift */ = {isa = PBXFileReference; lastKnownFileType = sourcecode.swift; path = App020gTests.swift; sourceTree = "<group>"; };
		BE0FF1042175A45700F126BB /* Info.plist */ = {isa = PBXFileReference; lastKnownFileType = text.plist.xml; path = Info.plist; sourceTree = "<group>"; };
		BE0FF10A2175A84B00F126BB /* CategoryPagesCollectionView.swift */ = {isa = PBXFileReference; lastKnownFileType = sourcecode.swift; path = CategoryPagesCollectionView.swift; sourceTree = "<group>"; };
		BE0FF10C2177212100F126BB /* CatalogCategory.swift */ = {isa = PBXFileReference; lastKnownFileType = sourcecode.swift; path = CatalogCategory.swift; sourceTree = "<group>"; };
		BE0FF10E217723EC00F126BB /* ApiHandlerSlowTests.swift */ = {isa = PBXFileReference; lastKnownFileType = sourcecode.swift; path = ApiHandlerSlowTests.swift; sourceTree = "<group>"; };
		BE0FF11021772FA900F126BB /* CatalogTree.swift */ = {isa = PBXFileReference; lastKnownFileType = sourcecode.swift; path = CatalogTree.swift; sourceTree = "<group>"; };
		BE0FF1142177476C00F126BB /* CatalogTreeBaseCell.swift */ = {isa = PBXFileReference; lastKnownFileType = sourcecode.swift; path = CatalogTreeBaseCell.swift; sourceTree = "<group>"; };
		BE0FF1162177596F00F126BB /* SecondCatalogTreeCell.swift */ = {isa = PBXFileReference; lastKnownFileType = sourcecode.swift; path = SecondCatalogTreeCell.swift; sourceTree = "<group>"; };
		BE11CB79218A009400BB83EF /* FilterParameterNameLabel.swift */ = {isa = PBXFileReference; lastKnownFileType = sourcecode.swift; path = FilterParameterNameLabel.swift; sourceTree = "<group>"; };
		BE11CB7C2190ADED00BB83EF /* ShopsViewModel.swift */ = {isa = PBXFileReference; lastKnownFileType = sourcecode.swift; path = ShopsViewModel.swift; sourceTree = "<group>"; };
		BE1900842163D121005069C9 /* ShopCollectionViewCell.swift */ = {isa = PBXFileReference; lastKnownFileType = sourcecode.swift; path = ShopCollectionViewCell.swift; sourceTree = "<group>"; };
		BE19008A2165C163005069C9 /* SelectedCellLineView.swift */ = {isa = PBXFileReference; lastKnownFileType = sourcecode.swift; path = SelectedCellLineView.swift; sourceTree = "<group>"; };
		BE19008C21672DB4005069C9 /* User.swift */ = {isa = PBXFileReference; lastKnownFileType = sourcecode.swift; path = User.swift; sourceTree = "<group>"; };
		BE19008E21678CC0005069C9 /* UITextFieldExtension.swift */ = {isa = PBXFileReference; lastKnownFileType = sourcecode.swift; path = UITextFieldExtension.swift; sourceTree = "<group>"; };
		BE1B64F92189BD2D001D7418 /* CustomLabeledImageView.swift */ = {isa = PBXFileReference; lastKnownFileType = sourcecode.swift; path = CustomLabeledImageView.swift; sourceTree = "<group>"; };
		BE1DC526214FA1D300E6AF30 /* App020g.app */ = {isa = PBXFileReference; explicitFileType = wrapper.application; includeInIndex = 0; path = App020g.app; sourceTree = BUILT_PRODUCTS_DIR; };
		BE1DC529214FA1D300E6AF30 /* AppDelegate.swift */ = {isa = PBXFileReference; lastKnownFileType = sourcecode.swift; path = AppDelegate.swift; sourceTree = "<group>"; };
		BE1DC52B214FA1D300E6AF30 /* ContainerViewController.swift */ = {isa = PBXFileReference; lastKnownFileType = sourcecode.swift; path = ContainerViewController.swift; sourceTree = "<group>"; };
		BE1DC530214FA1D400E6AF30 /* Assets.xcassets */ = {isa = PBXFileReference; lastKnownFileType = folder.assetcatalog; path = Assets.xcassets; sourceTree = "<group>"; };
		BE1DC535214FA1D400E6AF30 /* Info.plist */ = {isa = PBXFileReference; lastKnownFileType = text.plist.xml; path = Info.plist; sourceTree = "<group>"; };
		BE1DC541214FA61E00E6AF30 /* Helpers.swift */ = {isa = PBXFileReference; lastKnownFileType = sourcecode.swift; path = Helpers.swift; sourceTree = "<group>"; };
		BE1DC543214FAA3900E6AF30 /* AuthorizationViewController.swift */ = {isa = PBXFileReference; lastKnownFileType = sourcecode.swift; path = AuthorizationViewController.swift; sourceTree = "<group>"; };
		BE1DC545214FAA6700E6AF30 /* AskViewController.swift */ = {isa = PBXFileReference; lastKnownFileType = sourcecode.swift; path = AskViewController.swift; sourceTree = "<group>"; };
		BE1DC547214FAADC00E6AF30 /* ForgotPasswordViewController.swift */ = {isa = PBXFileReference; lastKnownFileType = sourcecode.swift; path = ForgotPasswordViewController.swift; sourceTree = "<group>"; };
		BE1DC549214FAB3A00E6AF30 /* CatalogTreeTableViewController.swift */ = {isa = PBXFileReference; lastKnownFileType = sourcecode.swift; path = CatalogTreeTableViewController.swift; sourceTree = "<group>"; };
		BE1DC54B214FAB4800E6AF30 /* SecondCatalogTreeTableViewController.swift */ = {isa = PBXFileReference; lastKnownFileType = sourcecode.swift; path = SecondCatalogTreeTableViewController.swift; sourceTree = "<group>"; };
		BE1DC54D214FAB6A00E6AF30 /* ProductTableViewController.swift */ = {isa = PBXFileReference; lastKnownFileType = sourcecode.swift; path = ProductTableViewController.swift; sourceTree = "<group>"; };
		BE1DC54F214FAB7F00E6AF30 /* CatalogCollectionViewController.swift */ = {isa = PBXFileReference; lastKnownFileType = sourcecode.swift; path = CatalogCollectionViewController.swift; sourceTree = "<group>"; };
		BE1DC551214FABCE00E6AF30 /* SearchCollectionViewController.swift */ = {isa = PBXFileReference; lastKnownFileType = sourcecode.swift; path = SearchCollectionViewController.swift; sourceTree = "<group>"; };
		BE1DC553214FABE300E6AF30 /* FilterTableViewController.swift */ = {isa = PBXFileReference; lastKnownFileType = sourcecode.swift; path = FilterTableViewController.swift; sourceTree = "<group>"; };
		BE1DC555214FAE3800E6AF30 /* LoginInputContainerView.swift */ = {isa = PBXFileReference; lastKnownFileType = sourcecode.swift; path = LoginInputContainerView.swift; sourceTree = "<group>"; };
		BE1DC55721500AF700E6AF30 /* StandardTextField.swift */ = {isa = PBXFileReference; lastKnownFileType = sourcecode.swift; path = StandardTextField.swift; sourceTree = "<group>"; };
		BE1DC559215221E200E6AF30 /* SeparatorView.swift */ = {isa = PBXFileReference; lastKnownFileType = sourcecode.swift; path = SeparatorView.swift; sourceTree = "<group>"; };
		BE1DC55B2152225D00E6AF30 /* StandardButton.swift */ = {isa = PBXFileReference; lastKnownFileType = sourcecode.swift; path = StandardButton.swift; sourceTree = "<group>"; };
		BE1DC55D2153E8A600E6AF30 /* RecallPasswordView.swift */ = {isa = PBXFileReference; lastKnownFileType = sourcecode.swift; path = RecallPasswordView.swift; sourceTree = "<group>"; };
		BE1DC55F2153EFB700E6AF30 /* TitledInputView.swift */ = {isa = PBXFileReference; lastKnownFileType = sourcecode.swift; path = TitledInputView.swift; sourceTree = "<group>"; };
		BE1DC5612153F10800E6AF30 /* AskView.swift */ = {isa = PBXFileReference; lastKnownFileType = sourcecode.swift; path = AskView.swift; sourceTree = "<group>"; };
		BE1DC563215408C500E6AF30 /* UIViewExtension.swift */ = {isa = PBXFileReference; lastKnownFileType = sourcecode.swift; path = UIViewExtension.swift; sourceTree = "<group>"; };
		BE3D1D1F2159537500A6E9E4 /* BarCollectionViewCell.swift */ = {isa = PBXFileReference; lastKnownFileType = sourcecode.swift; path = BarCollectionViewCell.swift; sourceTree = "<group>"; };
		BE3D1D21215954DD00A6E9E4 /* CatalogCollectionViewCell.swift */ = {isa = PBXFileReference; lastKnownFileType = sourcecode.swift; path = CatalogCollectionViewCell.swift; sourceTree = "<group>"; };
		BEA2FFA62154D2DC00E5C6FA /* MenuViewController.swift */ = {isa = PBXFileReference; lastKnownFileType = sourcecode.swift; path = MenuViewController.swift; sourceTree = "<group>"; };
		BEA2FFA82154D3AB00E5C6FA /* MenuTableViewCell.swift */ = {isa = PBXFileReference; lastKnownFileType = sourcecode.swift; path = MenuTableViewCell.swift; sourceTree = "<group>"; };
		BEA2FFAA215500C000E5C6FA /* MainViewController.swift */ = {isa = PBXFileReference; lastKnownFileType = sourcecode.swift; path = MainViewController.swift; sourceTree = "<group>"; };
		BEA2FFAC215502A400E5C6FA /* CenterViewControllerDelegate.swift */ = {isa = PBXFileReference; lastKnownFileType = sourcecode.swift; path = CenterViewControllerDelegate.swift; sourceTree = "<group>"; };
		BEC49822216B49140058347E /* ShopLabel.swift */ = {isa = PBXFileReference; lastKnownFileType = sourcecode.swift; path = ShopLabel.swift; sourceTree = "<group>"; };
		BED20885217F3DC6007EFD01 /* Filter.swift */ = {isa = PBXFileReference; lastKnownFileType = sourcecode.swift; path = Filter.swift; sourceTree = "<group>"; };
		BEE57E06216C8346005C9672 /* ProductImageCarouselTableViewCell.swift */ = {isa = PBXFileReference; lastKnownFileType = sourcecode.swift; path = ProductImageCarouselTableViewCell.swift; sourceTree = "<group>"; };
		BEE57E08216C9017005C9672 /* ImageCollectionViewCell.swift */ = {isa = PBXFileReference; lastKnownFileType = sourcecode.swift; path = ImageCollectionViewCell.swift; sourceTree = "<group>"; };
		BEE57E12216CB711005C9672 /* ProductPriceCell.swift */ = {isa = PBXFileReference; lastKnownFileType = sourcecode.swift; path = ProductPriceCell.swift; sourceTree = "<group>"; };
		BEE57E14216CE3BE005C9672 /* ProductDetailCell.swift */ = {isa = PBXFileReference; lastKnownFileType = sourcecode.swift; path = ProductDetailCell.swift; sourceTree = "<group>"; };
		BEF1B987215F664900348A3D /* URLSessionDataTaskExtension.swift */ = {isa = PBXFileReference; lastKnownFileType = sourcecode.swift; path = URLSessionDataTaskExtension.swift; sourceTree = "<group>"; };
		BEF1B989215F69AB00348A3D /* UIImageViewExtension.swift */ = {isa = PBXFileReference; lastKnownFileType = sourcecode.swift; path = UIImageViewExtension.swift; sourceTree = "<group>"; };
		BEF1B98C2162088400348A3D /* BarButton.swift */ = {isa = PBXFileReference; lastKnownFileType = sourcecode.swift; path = BarButton.swift; sourceTree = "<group>"; };
		BEF1B98E216208B100348A3D /* CustomBarButtonItem.swift */ = {isa = PBXFileReference; lastKnownFileType = sourcecode.swift; path = CustomBarButtonItem.swift; sourceTree = "<group>"; };
		BEF1B990216208EA00348A3D /* CategoryCollectionViewCell.swift */ = {isa = PBXFileReference; lastKnownFileType = sourcecode.swift; path = CategoryCollectionViewCell.swift; sourceTree = "<group>"; };
		BEF1B99221620B3300348A3D /* CatalogCollectionView.swift */ = {isa = PBXFileReference; lastKnownFileType = sourcecode.swift; path = CatalogCollectionView.swift; sourceTree = "<group>"; };
		BEF1B994216247F800348A3D /* Shop.swift */ = {isa = PBXFileReference; lastKnownFileType = sourcecode.swift; path = Shop.swift; sourceTree = "<group>"; };
		BEF6F696215AA816000E4BCB /* ShopsCollectionViewController.swift */ = {isa = PBXFileReference; lastKnownFileType = sourcecode.swift; path = ShopsCollectionViewController.swift; sourceTree = "<group>"; };
		BEF6F698215B35E1000E4BCB /* ApiHandler.swift */ = {isa = PBXFileReference; lastKnownFileType = sourcecode.swift; path = ApiHandler.swift; sourceTree = "<group>"; };
		BEF6F69A215B36F3000E4BCB /* ApiKeys.swift */ = {isa = PBXFileReference; lastKnownFileType = sourcecode.swift; path = ApiKeys.swift; sourceTree = "<group>"; };
		BEF6F69C215B9378000E4BCB /* Category.swift */ = {isa = PBXFileReference; lastKnownFileType = sourcecode.swift; path = Category.swift; sourceTree = "<group>"; };
		BEF6F69E215CC144000E4BCB /* Product.swift */ = {isa = PBXFileReference; lastKnownFileType = sourcecode.swift; path = Product.swift; sourceTree = "<group>"; };
		BEF6F6A0215E63AA000E4BCB /* MenuViewControllerDelegate.swift */ = {isa = PBXFileReference; lastKnownFileType = sourcecode.swift; path = MenuViewControllerDelegate.swift; sourceTree = "<group>"; };
		BEF6F6A3215F64F9000E4BCB /* ApplicationColors.swift */ = {isa = PBXFileReference; lastKnownFileType = sourcecode.swift; path = ApplicationColors.swift; sourceTree = "<group>"; };
		C545ED24159F94FB840975B4 /* Pods-020g.release.xcconfig */ = {isa = PBXFileReference; includeInIndex = 1; lastKnownFileType = text.xcconfig; name = "Pods-020g.release.xcconfig"; path = "Pods/Target Support Files/Pods-020g/Pods-020g.release.xcconfig"; sourceTree = "<group>"; };
		E6FB01E1AB0559566500FEB0 /* Pods-020g.debug.xcconfig */ = {isa = PBXFileReference; includeInIndex = 1; lastKnownFileType = text.xcconfig; name = "Pods-020g.debug.xcconfig"; path = "Pods/Target Support Files/Pods-020g/Pods-020g.debug.xcconfig"; sourceTree = "<group>"; };
/* End PBXFileReference section */

/* Begin PBXFrameworksBuildPhase section */
		BE0FF0FD2175A45700F126BB /* Frameworks */ = {
			isa = PBXFrameworksBuildPhase;
			buildActionMask = 2147483647;
			files = (
			);
			runOnlyForDeploymentPostprocessing = 0;
		};
		BE1DC523214FA1D300E6AF30 /* Frameworks */ = {
			isa = PBXFrameworksBuildPhase;
			buildActionMask = 2147483647;
			files = (
				331B7EC981EEF71C2F7A5532 /* Pods_App020g.framework in Frameworks */,
			);
			runOnlyForDeploymentPostprocessing = 0;
		};
/* End PBXFrameworksBuildPhase section */

/* Begin PBXGroup section */
		BB8F4453BBE381C4A4AA5608 /* Frameworks */ = {
			isa = PBXGroup;
			children = (
				2BF73AA1738E430E7CD20076 /* Pods_020g.framework */,
				62BDE42DBF0CA10E2333BD10 /* Pods_App020g.framework */,
			);
			name = Frameworks;
			sourceTree = "<group>";
		};
		BE0218D92185BA8500C8DBEC /* Filter */ = {
			isa = PBXGroup;
			children = (
				BE0218D52182077B00C8DBEC /* FilterBarView.swift */,
				BE0218DA2185BAA500C8DBEC /* DropDownSortingMenu.swift */,
				BE0218DC21861BD500C8DBEC /* FilterPriceTableViewCell.swift */,
				BE0218D72182207600C8DBEC /* FilterParameterTableViewCell.swift */,
				BE11CB79218A009400BB83EF /* FilterParameterNameLabel.swift */,
				BE0218DE2186F0CB00C8DBEC /* FilterOptionsCollectionView.swift */,
				BE0218E02186F0E700C8DBEC /* FilterOptionCollectionViewCell.swift */,
				BE0218E22188819700C8DBEC /* AcceptFilterView.swift */,
				BE1B64F92189BD2D001D7418 /* CustomLabeledImageView.swift */,
			);
			path = Filter;
			sourceTree = "<group>";
		};
		BE0FF1012175A45700F126BB /* App020gTests */ = {
			isa = PBXGroup;
			children = (
				BE0FF1022175A45700F126BB /* App020gTests.swift */,
				BE0FF10E217723EC00F126BB /* ApiHandlerSlowTests.swift */,
				BE0FF1042175A45700F126BB /* Info.plist */,
			);
			path = App020gTests;
			sourceTree = "<group>";
		};
		BE0FF1132177475300F126BB /* CatalogTree */ = {
			isa = PBXGroup;
			children = (
				BE0FF1142177476C00F126BB /* CatalogTreeBaseCell.swift */,
				BE0FF1162177596F00F126BB /* SecondCatalogTreeCell.swift */,
			);
			path = CatalogTree;
			sourceTree = "<group>";
		};
		BE11CB7B2190ABEE00BB83EF /* ViewModels */ = {
			isa = PBXGroup;
			children = (
				BE11CB7C2190ADED00BB83EF /* ShopsViewModel.swift */,
			);
			path = ViewModels;
			sourceTree = "<group>";
		};
		BE1DC51D214FA1D300E6AF30 = {
			isa = PBXGroup;
			children = (
				BE1DC528214FA1D300E6AF30 /* App020g */,
				BE0FF1012175A45700F126BB /* App020gTests */,
				BE1DC527214FA1D300E6AF30 /* Products */,
				C37F5F096A8D7CAB6E88F2B9 /* Pods */,
				BB8F4453BBE381C4A4AA5608 /* Frameworks */,
			);
			sourceTree = "<group>";
		};
		BE1DC527214FA1D300E6AF30 /* Products */ = {
			isa = PBXGroup;
			children = (
				BE1DC526214FA1D300E6AF30 /* App020g.app */,
				BE0FF1002175A45700F126BB /* App020gTests.xctest */,
			);
			name = Products;
			sourceTree = "<group>";
		};
		BE1DC528214FA1D300E6AF30 /* App020g */ = {
			isa = PBXGroup;
			children = (
				BE1DC53C214FA26600E6AF30 /* Application Delegate */,
				BEF6F6A2215F5CCE000E4BCB /* ServerManager */,
				BE1DC53E214FA27900E6AF30 /* Models */,
				BE11CB7B2190ABEE00BB83EF /* ViewModels */,
				BE1DC53F214FA27E00E6AF30 /* Views */,
				BE1DC53D214FA27200E6AF30 /* Controllers */,
				BE1DC540214FA60500E6AF30 /* Helpers */,
				BE1DC53B214FA24E00E6AF30 /* Interface Builders */,
				BE1DC530214FA1D400E6AF30 /* Assets.xcassets */,
				BE1DC535214FA1D400E6AF30 /* Info.plist */,
			);
			path = App020g;
			sourceTree = "<group>";
		};
		BE1DC53B214FA24E00E6AF30 /* Interface Builders */ = {
			isa = PBXGroup;
			children = (
				BE1DC532214FA1D400E6AF30 /* LaunchScreen.storyboard */,
			);
			path = "Interface Builders";
			sourceTree = "<group>";
		};
		BE1DC53C214FA26600E6AF30 /* Application Delegate */ = {
			isa = PBXGroup;
			children = (
				BE1DC529214FA1D300E6AF30 /* AppDelegate.swift */,
			);
			path = "Application Delegate";
			sourceTree = "<group>";
		};
		BE1DC53D214FA27200E6AF30 /* Controllers */ = {
			isa = PBXGroup;
			children = (
				BEF1B98B21614EBA00348A3D /* Delegates */,
				BEA2FFA62154D2DC00E5C6FA /* MenuViewController.swift */,
				BE1DC52B214FA1D300E6AF30 /* ContainerViewController.swift */,
				BE0FF0F82170E87600F126BB /* CenterViewController.swift */,
				BEA2FFAA215500C000E5C6FA /* MainViewController.swift */,
				BEF6F696215AA816000E4BCB /* ShopsCollectionViewController.swift */,
				BE1DC543214FAA3900E6AF30 /* AuthorizationViewController.swift */,
				BE1DC547214FAADC00E6AF30 /* ForgotPasswordViewController.swift */,
				BE1DC545214FAA6700E6AF30 /* AskViewController.swift */,
				BE1DC551214FABCE00E6AF30 /* SearchCollectionViewController.swift */,
				BE1DC549214FAB3A00E6AF30 /* CatalogTreeTableViewController.swift */,
				BE1DC54B214FAB4800E6AF30 /* SecondCatalogTreeTableViewController.swift */,
				BE1DC54F214FAB7F00E6AF30 /* CatalogCollectionViewController.swift */,
				BE1DC553214FABE300E6AF30 /* FilterTableViewController.swift */,
				BE1DC54D214FAB6A00E6AF30 /* ProductTableViewController.swift */,
				BE0FF0D4216FC3C200F126BB /* CitiesTableViewController.swift */,
			);
			path = Controllers;
			sourceTree = "<group>";
		};
		BE1DC53E214FA27900E6AF30 /* Models */ = {
			isa = PBXGroup;
			children = (
				BEF6F69A215B36F3000E4BCB /* ApiKeys.swift */,
				BEF6F69C215B9378000E4BCB /* Category.swift */,
				BE0FF10C2177212100F126BB /* CatalogCategory.swift */,
				BE0FF11021772FA900F126BB /* CatalogTree.swift */,
				BEF6F69E215CC144000E4BCB /* Product.swift */,
				BEF1B994216247F800348A3D /* Shop.swift */,
				BED20885217F3DC6007EFD01 /* Filter.swift */,
				BE19008C21672DB4005069C9 /* User.swift */,
			);
			path = Models;
			sourceTree = "<group>";
		};
		BE1DC53F214FA27E00E6AF30 /* Views */ = {
			isa = PBXGroup;
			children = (
				BEA2FFA82154D3AB00E5C6FA /* MenuTableViewCell.swift */,
				BE0FF1132177475300F126BB /* CatalogTree */,
				BEE57E0B216C9055005C9672 /* InputContainers */,
				BEE57E0C216C9071005C9672 /* CustomInputs */,
				BEE57E0D216C90A9005C9672 /* MenuBar */,
				BEE57E0E216C90E3005C9672 /* BarButton */,
				BEE57E0F216C9113005C9672 /* Catalog */,
				BEE57E10216C911D005C9672 /* Shops */,
				BEE57E11216C9128005C9672 /* Product */,
			);
			path = Views;
			sourceTree = "<group>";
		};
		BE1DC540214FA60500E6AF30 /* Helpers */ = {
			isa = PBXGroup;
			children = (
				BE1DC563215408C500E6AF30 /* UIViewExtension.swift */,
				BE0218D32181C7E800C8DBEC /* UIViewControllerExtension.swift */,
				BEF1B989215F69AB00348A3D /* UIImageViewExtension.swift */,
				BE19008E21678CC0005069C9 /* UITextFieldExtension.swift */,
				BEF1B987215F664900348A3D /* URLSessionDataTaskExtension.swift */,
				BE1DC541214FA61E00E6AF30 /* Helpers.swift */,
				BEF6F6A3215F64F9000E4BCB /* ApplicationColors.swift */,
			);
			path = Helpers;
			sourceTree = "<group>";
		};
		BEE57E0B216C9055005C9672 /* InputContainers */ = {
			isa = PBXGroup;
			children = (
				BE1DC555214FAE3800E6AF30 /* LoginInputContainerView.swift */,
				BE1DC55D2153E8A600E6AF30 /* RecallPasswordView.swift */,
				BE1DC5612153F10800E6AF30 /* AskView.swift */,
			);
			path = InputContainers;
			sourceTree = "<group>";
		};
		BEE57E0C216C9071005C9672 /* CustomInputs */ = {
			isa = PBXGroup;
			children = (
				BE1DC55721500AF700E6AF30 /* StandardTextField.swift */,
				BE1DC55F2153EFB700E6AF30 /* TitledInputView.swift */,
				BE1DC559215221E200E6AF30 /* SeparatorView.swift */,
				BE1DC55B2152225D00E6AF30 /* StandardButton.swift */,
			);
			path = CustomInputs;
			sourceTree = "<group>";
		};
		BEE57E0D216C90A9005C9672 /* MenuBar */ = {
			isa = PBXGroup;
			children = (
				BE05AA5A21592AEE002EDF38 /* BarView.swift */,
				BE3D1D1F2159537500A6E9E4 /* BarCollectionViewCell.swift */,
				BE19008A2165C163005069C9 /* SelectedCellLineView.swift */,
			);
			path = MenuBar;
			sourceTree = "<group>";
		};
		BEE57E0E216C90E3005C9672 /* BarButton */ = {
			isa = PBXGroup;
			children = (
				BEF1B98C2162088400348A3D /* BarButton.swift */,
				BEF1B98E216208B100348A3D /* CustomBarButtonItem.swift */,
			);
			path = BarButton;
			sourceTree = "<group>";
		};
		BEE57E0F216C9113005C9672 /* Catalog */ = {
			isa = PBXGroup;
			children = (
				BEF1B99221620B3300348A3D /* CatalogCollectionView.swift */,
				BE3D1D21215954DD00A6E9E4 /* CatalogCollectionViewCell.swift */,
				BE0FF10A2175A84B00F126BB /* CategoryPagesCollectionView.swift */,
				BEF1B990216208EA00348A3D /* CategoryCollectionViewCell.swift */,
				BE0218D92185BA8500C8DBEC /* Filter */,
			);
			path = Catalog;
			sourceTree = "<group>";
		};
		BEE57E10216C911D005C9672 /* Shops */ = {
			isa = PBXGroup;
			children = (
				BEC49822216B49140058347E /* ShopLabel.swift */,
				BE1900842163D121005069C9 /* ShopCollectionViewCell.swift */,
			);
			path = Shops;
			sourceTree = "<group>";
		};
		BEE57E11216C9128005C9672 /* Product */ = {
			isa = PBXGroup;
			children = (
				BEE57E08216C9017005C9672 /* ImageCollectionViewCell.swift */,
				BEE57E06216C8346005C9672 /* ProductImageCarouselTableViewCell.swift */,
				BE0FF0FA2174702600F126BB /* ImageIndicatorCollectionView.swift */,
				BEE57E12216CB711005C9672 /* ProductPriceCell.swift */,
				BEE57E14216CE3BE005C9672 /* ProductDetailCell.swift */,
				BE0FF0CE216F4F4700F126BB /* BreadcrumbsCollectionView.swift */,
				BE0FF0D0216F4F5100F126BB /* BreadcrumbsCollectionViewCell.swift */,
				BE0FF0F62170C6DF00F126BB /* CustomHeaderView.swift */,
			);
			path = Product;
			sourceTree = "<group>";
		};
		BEF1B98B21614EBA00348A3D /* Delegates */ = {
			isa = PBXGroup;
			children = (
				BEA2FFAC215502A400E5C6FA /* CenterViewControllerDelegate.swift */,
				BEF6F6A0215E63AA000E4BCB /* MenuViewControllerDelegate.swift */,
			);
			path = Delegates;
			sourceTree = "<group>";
		};
		BEF6F6A2215F5CCE000E4BCB /* ServerManager */ = {
			isa = PBXGroup;
			children = (
				BEF6F698215B35E1000E4BCB /* ApiHandler.swift */,
			);
			path = ServerManager;
			sourceTree = "<group>";
		};
		C37F5F096A8D7CAB6E88F2B9 /* Pods */ = {
			isa = PBXGroup;
			children = (
				E6FB01E1AB0559566500FEB0 /* Pods-020g.debug.xcconfig */,
				C545ED24159F94FB840975B4 /* Pods-020g.release.xcconfig */,
				5C5FD13B83585B9DE8ACB215 /* Pods-App020g.debug.xcconfig */,
				6A10778BD348057FFF02D613 /* Pods-App020g.release.xcconfig */,
			);
			name = Pods;
			sourceTree = "<group>";
		};
/* End PBXGroup section */

/* Begin PBXNativeTarget section */
		BE0FF0FF2175A45700F126BB /* App020gTests */ = {
			isa = PBXNativeTarget;
			buildConfigurationList = BE0FF1072175A45700F126BB /* Build configuration list for PBXNativeTarget "App020gTests" */;
			buildPhases = (
				BE0FF0FC2175A45700F126BB /* Sources */,
				BE0FF0FD2175A45700F126BB /* Frameworks */,
				BE0FF0FE2175A45700F126BB /* Resources */,
			);
			buildRules = (
			);
			dependencies = (
				BE0FF1062175A45700F126BB /* PBXTargetDependency */,
			);
			name = App020gTests;
			productName = App020gTests;
			productReference = BE0FF1002175A45700F126BB /* App020gTests.xctest */;
			productType = "com.apple.product-type.bundle.unit-test";
		};
		BE1DC525214FA1D300E6AF30 /* App020g */ = {
			isa = PBXNativeTarget;
			buildConfigurationList = BE1DC538214FA1D400E6AF30 /* Build configuration list for PBXNativeTarget "App020g" */;
			buildPhases = (
				59535D3CFF6097FB0932E6C5 /* [CP] Check Pods Manifest.lock */,
				BE1DC522214FA1D300E6AF30 /* Sources */,
				BE1DC523214FA1D300E6AF30 /* Frameworks */,
				BE1DC524214FA1D300E6AF30 /* Resources */,
				0857819E5AFC6391023DE096 /* [CP] Embed Pods Frameworks */,
			);
			buildRules = (
			);
			dependencies = (
			);
			name = App020g;
			productName = 020g;
			productReference = BE1DC526214FA1D300E6AF30 /* App020g.app */;
			productType = "com.apple.product-type.application";
		};
/* End PBXNativeTarget section */

/* Begin PBXProject section */
		BE1DC51E214FA1D300E6AF30 /* Project object */ = {
			isa = PBXProject;
			attributes = {
				LastSwiftUpdateCheck = 1000;
				LastUpgradeCheck = 1000;
				ORGANIZATIONNAME = "Юрий Истомин";
				TargetAttributes = {
					BE0FF0FF2175A45700F126BB = {
						CreatedOnToolsVersion = 10.0;
						TestTargetID = BE1DC525214FA1D300E6AF30;
					};
					BE1DC525214FA1D300E6AF30 = {
						CreatedOnToolsVersion = 10.0;
					};
				};
			};
			buildConfigurationList = BE1DC521214FA1D300E6AF30 /* Build configuration list for PBXProject "App020g" */;
			compatibilityVersion = "Xcode 9.3";
			developmentRegion = "ru-RU";
			hasScannedForEncodings = 0;
			knownRegions = (
				"ru-RU",
			);
			mainGroup = BE1DC51D214FA1D300E6AF30;
			productRefGroup = BE1DC527214FA1D300E6AF30 /* Products */;
			projectDirPath = "";
			projectRoot = "";
			targets = (
				BE1DC525214FA1D300E6AF30 /* App020g */,
				BE0FF0FF2175A45700F126BB /* App020gTests */,
			);
		};
/* End PBXProject section */

/* Begin PBXResourcesBuildPhase section */
		BE0FF0FE2175A45700F126BB /* Resources */ = {
			isa = PBXResourcesBuildPhase;
			buildActionMask = 2147483647;
			files = (
			);
			runOnlyForDeploymentPostprocessing = 0;
		};
		BE1DC524214FA1D300E6AF30 /* Resources */ = {
			isa = PBXResourcesBuildPhase;
			buildActionMask = 2147483647;
			files = (
				BE1DC534214FA1D400E6AF30 /* LaunchScreen.storyboard in Resources */,
				BE1DC531214FA1D400E6AF30 /* Assets.xcassets in Resources */,
			);
			runOnlyForDeploymentPostprocessing = 0;
		};
/* End PBXResourcesBuildPhase section */

/* Begin PBXShellScriptBuildPhase section */
		0857819E5AFC6391023DE096 /* [CP] Embed Pods Frameworks */ = {
			isa = PBXShellScriptBuildPhase;
			buildActionMask = 2147483647;
			files = (
			);
			inputPaths = (
				"${SRCROOT}/Pods/Target Support Files/Pods-App020g/Pods-App020g-frameworks.sh",
				"${BUILT_PRODUCTS_DIR}/Kingfisher/Kingfisher.framework",
			);
			name = "[CP] Embed Pods Frameworks";
			outputPaths = (
				"${TARGET_BUILD_DIR}/${FRAMEWORKS_FOLDER_PATH}/Kingfisher.framework",
			);
			runOnlyForDeploymentPostprocessing = 0;
			shellPath = /bin/sh;
			shellScript = "\"${SRCROOT}/Pods/Target Support Files/Pods-App020g/Pods-App020g-frameworks.sh\"\n";
			showEnvVarsInLog = 0;
		};
		59535D3CFF6097FB0932E6C5 /* [CP] Check Pods Manifest.lock */ = {
			isa = PBXShellScriptBuildPhase;
			buildActionMask = 2147483647;
			files = (
			);
			inputPaths = (
				"${PODS_PODFILE_DIR_PATH}/Podfile.lock",
				"${PODS_ROOT}/Manifest.lock",
			);
			name = "[CP] Check Pods Manifest.lock";
			outputPaths = (
				"$(DERIVED_FILE_DIR)/Pods-App020g-checkManifestLockResult.txt",
			);
			runOnlyForDeploymentPostprocessing = 0;
			shellPath = /bin/sh;
			shellScript = "diff \"${PODS_PODFILE_DIR_PATH}/Podfile.lock\" \"${PODS_ROOT}/Manifest.lock\" > /dev/null\nif [ $? != 0 ] ; then\n    # print error to STDERR\n    echo \"error: The sandbox is not in sync with the Podfile.lock. Run 'pod install' or update your CocoaPods installation.\" >&2\n    exit 1\nfi\n# This output is used by Xcode 'outputs' to avoid re-running this script phase.\necho \"SUCCESS\" > \"${SCRIPT_OUTPUT_FILE_0}\"\n";
			showEnvVarsInLog = 0;
		};
/* End PBXShellScriptBuildPhase section */

/* Begin PBXSourcesBuildPhase section */
		BE0FF0FC2175A45700F126BB /* Sources */ = {
			isa = PBXSourcesBuildPhase;
			buildActionMask = 2147483647;
			files = (
				BE0FF10F217723EC00F126BB /* ApiHandlerSlowTests.swift in Sources */,
				BE0FF1032175A45700F126BB /* App020gTests.swift in Sources */,
			);
			runOnlyForDeploymentPostprocessing = 0;
		};
		BE1DC522214FA1D300E6AF30 /* Sources */ = {
			isa = PBXSourcesBuildPhase;
			buildActionMask = 2147483647;
			files = (
				BEE57E15216CE3BE005C9672 /* ProductDetailCell.swift in Sources */,
				BED20886217F3DC6007EFD01 /* Filter.swift in Sources */,
				BE1DC552214FABCE00E6AF30 /* SearchCollectionViewController.swift in Sources */,
				BE0218DF2186F0CB00C8DBEC /* FilterOptionsCollectionView.swift in Sources */,
				BE1DC55C2152225D00E6AF30 /* StandardButton.swift in Sources */,
				BE0218D62182077B00C8DBEC /* FilterBarView.swift in Sources */,
				BE0FF0D1216F4F5100F126BB /* BreadcrumbsCollectionViewCell.swift in Sources */,
				BE0218DD21861BD500C8DBEC /* FilterPriceTableViewCell.swift in Sources */,
				BE19008F21678CC0005069C9 /* UITextFieldExtension.swift in Sources */,
				BE1DC544214FAA3900E6AF30 /* AuthorizationViewController.swift in Sources */,
				BEF6F69D215B9378000E4BCB /* Category.swift in Sources */,
				BE0FF0CF216F4F4700F126BB /* BreadcrumbsCollectionView.swift in Sources */,
				BE1DC54E214FAB6A00E6AF30 /* ProductTableViewController.swift in Sources */,
				BEA2FFAB215500C000E5C6FA /* MainViewController.swift in Sources */,
				BE0FF0F72170C6DF00F126BB /* CustomHeaderView.swift in Sources */,
				BE0218E12186F0E700C8DBEC /* FilterOptionCollectionViewCell.swift in Sources */,
				BEF6F699215B35E1000E4BCB /* ApiHandler.swift in Sources */,
				BE1DC550214FAB7F00E6AF30 /* CatalogCollectionViewController.swift in Sources */,
				BE0FF10B2175A84B00F126BB /* CategoryPagesCollectionView.swift in Sources */,
				BE1DC55821500AF700E6AF30 /* StandardTextField.swift in Sources */,
				BEF6F69F215CC144000E4BCB /* Product.swift in Sources */,
				BE3D1D22215954DD00A6E9E4 /* CatalogCollectionViewCell.swift in Sources */,
				BE0FF10D2177212100F126BB /* CatalogCategory.swift in Sources */,
				BE0FF1152177476C00F126BB /* CatalogTreeBaseCell.swift in Sources */,
				BE1DC52C214FA1D300E6AF30 /* ContainerViewController.swift in Sources */,
				BEA2FFAD215502A400E5C6FA /* CenterViewControllerDelegate.swift in Sources */,
				BE05AA5B21592AEE002EDF38 /* BarView.swift in Sources */,
				BE0FF0F92170E87600F126BB /* CenterViewController.swift in Sources */,
				BEF1B98A215F69AB00348A3D /* UIImageViewExtension.swift in Sources */,
				BE1DC548214FAADC00E6AF30 /* ForgotPasswordViewController.swift in Sources */,
				BE1DC5622153F10800E6AF30 /* AskView.swift in Sources */,
				BEE57E09216C9017005C9672 /* ImageCollectionViewCell.swift in Sources */,
				BE11CB7D2190ADED00BB83EF /* ShopsViewModel.swift in Sources */,
				BEF6F69B215B36F3000E4BCB /* ApiKeys.swift in Sources */,
				BE0FF1172177596F00F126BB /* SecondCatalogTreeCell.swift in Sources */,
				BE1DC54C214FAB4800E6AF30 /* SecondCatalogTreeTableViewController.swift in Sources */,
				BE0FF11121772FA900F126BB /* CatalogTree.swift in Sources */,
				BEF1B991216208EA00348A3D /* CategoryCollectionViewCell.swift in Sources */,
				BEA2FFA92154D3AB00E5C6FA /* MenuTableViewCell.swift in Sources */,
				BE0FF0D5216FC3C200F126BB /* CitiesTableViewController.swift in Sources */,
				BEA2FFA72154D2DC00E5C6FA /* MenuViewController.swift in Sources */,
				BE0218E32188819700C8DBEC /* AcceptFilterView.swift in Sources */,
				BE3D1D202159537500A6E9E4 /* BarCollectionViewCell.swift in Sources */,
				BE0218D82182207600C8DBEC /* FilterParameterTableViewCell.swift in Sources */,
				BEF1B98D2162088400348A3D /* BarButton.swift in Sources */,
				BE1DC564215408C500E6AF30 /* UIViewExtension.swift in Sources */,
				BE19008B2165C163005069C9 /* SelectedCellLineView.swift in Sources */,
				BEF6F6A4215F64F9000E4BCB /* ApplicationColors.swift in Sources */,
				BEE57E07216C8346005C9672 /* ProductImageCarouselTableViewCell.swift in Sources */,
				BEF1B995216247F800348A3D /* Shop.swift in Sources */,
				BE11CB7A218A009400BB83EF /* FilterParameterNameLabel.swift in Sources */,
				BEC49823216B49140058347E /* ShopLabel.swift in Sources */,
				BE1DC5602153EFB700E6AF30 /* TitledInputView.swift in Sources */,
				BEF6F6A1215E63AA000E4BCB /* MenuViewControllerDelegate.swift in Sources */,
				BE1DC556214FAE3800E6AF30 /* LoginInputContainerView.swift in Sources */,
				BE0218D42181C7E800C8DBEC /* UIViewControllerExtension.swift in Sources */,
				BE1900852163D121005069C9 /* ShopCollectionViewCell.swift in Sources */,
				BE19008D21672DB4005069C9 /* User.swift in Sources */,
				BE1B64FA2189BD2D001D7418 /* CustomLabeledImageView.swift in Sources */,
				BE1DC554214FABE300E6AF30 /* FilterTableViewController.swift in Sources */,
				BE0FF0FB2174702600F126BB /* ImageIndicatorCollectionView.swift in Sources */,
				BE1DC542214FA61E00E6AF30 /* Helpers.swift in Sources */,
				BEF1B988215F664900348A3D /* URLSessionDataTaskExtension.swift in Sources */,
				BE0218DB2185BAA500C8DBEC /* DropDownSortingMenu.swift in Sources */,
				BEF1B99321620B3300348A3D /* CatalogCollectionView.swift in Sources */,
				BE1DC546214FAA6700E6AF30 /* AskViewController.swift in Sources */,
				BEF6F697215AA816000E4BCB /* ShopsCollectionViewController.swift in Sources */,
				BEF1B98F216208B100348A3D /* CustomBarButtonItem.swift in Sources */,
				BE1DC55A215221E200E6AF30 /* SeparatorView.swift in Sources */,
				BE1DC54A214FAB3A00E6AF30 /* CatalogTreeTableViewController.swift in Sources */,
				BE1DC52A214FA1D300E6AF30 /* AppDelegate.swift in Sources */,
				BEE57E13216CB711005C9672 /* ProductPriceCell.swift in Sources */,
				BE1DC55E2153E8A600E6AF30 /* RecallPasswordView.swift in Sources */,
			);
			runOnlyForDeploymentPostprocessing = 0;
		};
/* End PBXSourcesBuildPhase section */

/* Begin PBXTargetDependency section */
		BE0FF1062175A45700F126BB /* PBXTargetDependency */ = {
			isa = PBXTargetDependency;
			target = BE1DC525214FA1D300E6AF30 /* App020g */;
			targetProxy = BE0FF1052175A45700F126BB /* PBXContainerItemProxy */;
		};
/* End PBXTargetDependency section */

/* Begin PBXVariantGroup section */
		BE1DC532214FA1D400E6AF30 /* LaunchScreen.storyboard */ = {
			isa = PBXVariantGroup;
			children = (
				BE0FF0D2216F512600F126BB /* ru-RU */,
				BE0FF0D3216F517200F126BB /* ru-RU */,
			);
			name = LaunchScreen.storyboard;
			sourceTree = "<group>";
		};
/* End PBXVariantGroup section */

/* Begin XCBuildConfiguration section */
		BE0FF1082175A45700F126BB /* Debug */ = {
			isa = XCBuildConfiguration;
			buildSettings = {
				BUNDLE_LOADER = "$(TEST_HOST)";
				CODE_SIGN_STYLE = Automatic;
				DEVELOPMENT_TEAM = N2HCJ99WYH;
				INFOPLIST_FILE = App020gTests/Info.plist;
				LD_RUNPATH_SEARCH_PATHS = (
					"$(inherited)",
					"@executable_path/Frameworks",
					"@loader_path/Frameworks",
				);
				PRODUCT_BUNDLE_IDENTIFIER = com.yuraist.App020gTests;
				PRODUCT_NAME = "$(TARGET_NAME)";
				SWIFT_VERSION = 4.2;
				TARGETED_DEVICE_FAMILY = "1,2";
				TEST_HOST = "$(BUILT_PRODUCTS_DIR)/App020g.app/App020g";
			};
			name = Debug;
		};
		BE0FF1092175A45700F126BB /* Release */ = {
			isa = XCBuildConfiguration;
			buildSettings = {
				BUNDLE_LOADER = "$(TEST_HOST)";
				CODE_SIGN_STYLE = Automatic;
				DEVELOPMENT_TEAM = N2HCJ99WYH;
				INFOPLIST_FILE = App020gTests/Info.plist;
				LD_RUNPATH_SEARCH_PATHS = (
					"$(inherited)",
					"@executable_path/Frameworks",
					"@loader_path/Frameworks",
				);
				PRODUCT_BUNDLE_IDENTIFIER = com.yuraist.App020gTests;
				PRODUCT_NAME = "$(TARGET_NAME)";
				SWIFT_VERSION = 4.2;
				TARGETED_DEVICE_FAMILY = "1,2";
				TEST_HOST = "$(BUILT_PRODUCTS_DIR)/App020g.app/App020g";
			};
			name = Release;
		};
		BE1DC536214FA1D400E6AF30 /* Debug */ = {
			isa = XCBuildConfiguration;
			buildSettings = {
				ALWAYS_SEARCH_USER_PATHS = NO;
				CLANG_ANALYZER_LOCALIZABILITY_NONLOCALIZED = YES;
				CLANG_ANALYZER_NONNULL = YES;
				CLANG_ANALYZER_NUMBER_OBJECT_CONVERSION = YES_AGGRESSIVE;
				CLANG_CXX_LANGUAGE_STANDARD = "gnu++14";
				CLANG_CXX_LIBRARY = "libc++";
				CLANG_ENABLE_MODULES = YES;
				CLANG_ENABLE_OBJC_ARC = YES;
				CLANG_ENABLE_OBJC_WEAK = YES;
				CLANG_WARN_BLOCK_CAPTURE_AUTORELEASING = YES;
				CLANG_WARN_BOOL_CONVERSION = YES;
				CLANG_WARN_COMMA = YES;
				CLANG_WARN_CONSTANT_CONVERSION = YES;
				CLANG_WARN_DEPRECATED_OBJC_IMPLEMENTATIONS = YES;
				CLANG_WARN_DIRECT_OBJC_ISA_USAGE = YES_ERROR;
				CLANG_WARN_DOCUMENTATION_COMMENTS = YES;
				CLANG_WARN_EMPTY_BODY = YES;
				CLANG_WARN_ENUM_CONVERSION = YES;
				CLANG_WARN_INFINITE_RECURSION = YES;
				CLANG_WARN_INT_CONVERSION = YES;
				CLANG_WARN_NON_LITERAL_NULL_CONVERSION = YES;
				CLANG_WARN_OBJC_IMPLICIT_RETAIN_SELF = YES;
				CLANG_WARN_OBJC_LITERAL_CONVERSION = YES;
				CLANG_WARN_OBJC_ROOT_CLASS = YES_ERROR;
				CLANG_WARN_RANGE_LOOP_ANALYSIS = YES;
				CLANG_WARN_STRICT_PROTOTYPES = YES;
				CLANG_WARN_SUSPICIOUS_MOVE = YES;
				CLANG_WARN_UNGUARDED_AVAILABILITY = YES_AGGRESSIVE;
				CLANG_WARN_UNREACHABLE_CODE = YES;
				CLANG_WARN__DUPLICATE_METHOD_MATCH = YES;
				CODE_SIGN_IDENTITY = "iPhone Developer";
				COPY_PHASE_STRIP = NO;
				DEBUG_INFORMATION_FORMAT = dwarf;
				ENABLE_STRICT_OBJC_MSGSEND = YES;
				ENABLE_TESTABILITY = YES;
				GCC_C_LANGUAGE_STANDARD = gnu11;
				GCC_DYNAMIC_NO_PIC = NO;
				GCC_NO_COMMON_BLOCKS = YES;
				GCC_OPTIMIZATION_LEVEL = 0;
				GCC_PREPROCESSOR_DEFINITIONS = (
					"DEBUG=1",
					"$(inherited)",
				);
				GCC_WARN_64_TO_32_BIT_CONVERSION = YES;
				GCC_WARN_ABOUT_RETURN_TYPE = YES_ERROR;
				GCC_WARN_UNDECLARED_SELECTOR = YES;
				GCC_WARN_UNINITIALIZED_AUTOS = YES_AGGRESSIVE;
				GCC_WARN_UNUSED_FUNCTION = YES;
				GCC_WARN_UNUSED_VARIABLE = YES;
				IPHONEOS_DEPLOYMENT_TARGET = 12.0;
				MTL_ENABLE_DEBUG_INFO = INCLUDE_SOURCE;
				MTL_FAST_MATH = YES;
				ONLY_ACTIVE_ARCH = YES;
				SDKROOT = iphoneos;
				SWIFT_ACTIVE_COMPILATION_CONDITIONS = DEBUG;
				SWIFT_OPTIMIZATION_LEVEL = "-Onone";
			};
			name = Debug;
		};
		BE1DC537214FA1D400E6AF30 /* Release */ = {
			isa = XCBuildConfiguration;
			buildSettings = {
				ALWAYS_SEARCH_USER_PATHS = NO;
				CLANG_ANALYZER_LOCALIZABILITY_NONLOCALIZED = YES;
				CLANG_ANALYZER_NONNULL = YES;
				CLANG_ANALYZER_NUMBER_OBJECT_CONVERSION = YES_AGGRESSIVE;
				CLANG_CXX_LANGUAGE_STANDARD = "gnu++14";
				CLANG_CXX_LIBRARY = "libc++";
				CLANG_ENABLE_MODULES = YES;
				CLANG_ENABLE_OBJC_ARC = YES;
				CLANG_ENABLE_OBJC_WEAK = YES;
				CLANG_WARN_BLOCK_CAPTURE_AUTORELEASING = YES;
				CLANG_WARN_BOOL_CONVERSION = YES;
				CLANG_WARN_COMMA = YES;
				CLANG_WARN_CONSTANT_CONVERSION = YES;
				CLANG_WARN_DEPRECATED_OBJC_IMPLEMENTATIONS = YES;
				CLANG_WARN_DIRECT_OBJC_ISA_USAGE = YES_ERROR;
				CLANG_WARN_DOCUMENTATION_COMMENTS = YES;
				CLANG_WARN_EMPTY_BODY = YES;
				CLANG_WARN_ENUM_CONVERSION = YES;
				CLANG_WARN_INFINITE_RECURSION = YES;
				CLANG_WARN_INT_CONVERSION = YES;
				CLANG_WARN_NON_LITERAL_NULL_CONVERSION = YES;
				CLANG_WARN_OBJC_IMPLICIT_RETAIN_SELF = YES;
				CLANG_WARN_OBJC_LITERAL_CONVERSION = YES;
				CLANG_WARN_OBJC_ROOT_CLASS = YES_ERROR;
				CLANG_WARN_RANGE_LOOP_ANALYSIS = YES;
				CLANG_WARN_STRICT_PROTOTYPES = YES;
				CLANG_WARN_SUSPICIOUS_MOVE = YES;
				CLANG_WARN_UNGUARDED_AVAILABILITY = YES_AGGRESSIVE;
				CLANG_WARN_UNREACHABLE_CODE = YES;
				CLANG_WARN__DUPLICATE_METHOD_MATCH = YES;
				CODE_SIGN_IDENTITY = "iPhone Developer";
				COPY_PHASE_STRIP = NO;
				DEBUG_INFORMATION_FORMAT = "dwarf-with-dsym";
				ENABLE_NS_ASSERTIONS = NO;
				ENABLE_STRICT_OBJC_MSGSEND = YES;
				GCC_C_LANGUAGE_STANDARD = gnu11;
				GCC_NO_COMMON_BLOCKS = YES;
				GCC_WARN_64_TO_32_BIT_CONVERSION = YES;
				GCC_WARN_ABOUT_RETURN_TYPE = YES_ERROR;
				GCC_WARN_UNDECLARED_SELECTOR = YES;
				GCC_WARN_UNINITIALIZED_AUTOS = YES_AGGRESSIVE;
				GCC_WARN_UNUSED_FUNCTION = YES;
				GCC_WARN_UNUSED_VARIABLE = YES;
				IPHONEOS_DEPLOYMENT_TARGET = 12.0;
				MTL_ENABLE_DEBUG_INFO = NO;
				MTL_FAST_MATH = YES;
				SDKROOT = iphoneos;
				SWIFT_COMPILATION_MODE = wholemodule;
				SWIFT_OPTIMIZATION_LEVEL = "-O";
				VALIDATE_PRODUCT = YES;
			};
			name = Release;
		};
		BE1DC539214FA1D400E6AF30 /* Debug */ = {
			isa = XCBuildConfiguration;
			baseConfigurationReference = 5C5FD13B83585B9DE8ACB215 /* Pods-App020g.debug.xcconfig */;
			buildSettings = {
				ASSETCATALOG_COMPILER_APPICON_NAME = AppIcon;
				CODE_SIGN_STYLE = Manual;
				DEVELOPMENT_TEAM = 68788AEQ8E;
				INFOPLIST_FILE = App020g/Info.plist;
				IPHONEOS_DEPLOYMENT_TARGET = 9.0;
				LD_RUNPATH_SEARCH_PATHS = (
					"$(inherited)",
					"@executable_path/Frameworks",
				);
				PRODUCT_BUNDLE_IDENTIFIER = ru.020g.020gru;
				PRODUCT_NAME = "$(TARGET_NAME)";
				PROVISIONING_PROFILE_SPECIFIER = 020gDevelopmentProfile;
				SWIFT_VERSION = 4.2;
				TARGETED_DEVICE_FAMILY = 1;
			};
			name = Debug;
		};
		BE1DC53A214FA1D400E6AF30 /* Release */ = {
			isa = XCBuildConfiguration;
			baseConfigurationReference = 6A10778BD348057FFF02D613 /* Pods-App020g.release.xcconfig */;
			buildSettings = {
				ASSETCATALOG_COMPILER_APPICON_NAME = AppIcon;
				CODE_SIGN_IDENTITY = "iPhone Distribution";
				CODE_SIGN_STYLE = Manual;
				DEVELOPMENT_TEAM = 68788AEQ8E;
				INFOPLIST_FILE = App020g/Info.plist;
				IPHONEOS_DEPLOYMENT_TARGET = 9.0;
				LD_RUNPATH_SEARCH_PATHS = (
					"$(inherited)",
					"@executable_path/Frameworks",
				);
				PRODUCT_BUNDLE_IDENTIFIER = ru.020g.020gru;
				PRODUCT_NAME = "$(TARGET_NAME)";
				PROVISIONING_PROFILE_SPECIFIER = 020gDistributionProfile;
				SWIFT_VERSION = 4.2;
				TARGETED_DEVICE_FAMILY = 1;
			};
			name = Release;
		};
/* End XCBuildConfiguration section */

/* Begin XCConfigurationList section */
		BE0FF1072175A45700F126BB /* Build configuration list for PBXNativeTarget "App020gTests" */ = {
			isa = XCConfigurationList;
			buildConfigurations = (
				BE0FF1082175A45700F126BB /* Debug */,
				BE0FF1092175A45700F126BB /* Release */,
			);
			defaultConfigurationIsVisible = 0;
			defaultConfigurationName = Release;
		};
		BE1DC521214FA1D300E6AF30 /* Build configuration list for PBXProject "App020g" */ = {
			isa = XCConfigurationList;
			buildConfigurations = (
				BE1DC536214FA1D400E6AF30 /* Debug */,
				BE1DC537214FA1D400E6AF30 /* Release */,
			);
			defaultConfigurationIsVisible = 0;
			defaultConfigurationName = Release;
		};
		BE1DC538214FA1D400E6AF30 /* Build configuration list for PBXNativeTarget "App020g" */ = {
			isa = XCConfigurationList;
			buildConfigurations = (
				BE1DC539214FA1D400E6AF30 /* Debug */,
				BE1DC53A214FA1D400E6AF30 /* Release */,
			);
			defaultConfigurationIsVisible = 0;
			defaultConfigurationName = Release;
		};
/* End XCConfigurationList section */
	};
	rootObject = BE1DC51E214FA1D300E6AF30 /* Project object */;
}
